// !$*UTF8*$!
{
	archiveVersion = 1;
	classes = {
	};
	objectVersion = 50;
	objects = {

/* Begin PBXAggregateTarget section */
		268038AF254D4578005FFB51 /* SwiftFormat */ = {
			isa = PBXAggregateTarget;
			buildConfigurationList = 268038B0254D4578005FFB51 /* Build configuration list for PBXAggregateTarget "SwiftFormat" */;
			buildPhases = (
				26133F5D2557EEAE0099D3E6 /* Extract Swift Version Number */,
				268038D9254D4D24005FFB51 /* SwiftFormat */,
			);
			dependencies = (
			);
			name = SwiftFormat;
			productName = SwiftFormat;
		};
/* End PBXAggregateTarget section */

/* Begin PBXBuildFile section */
		1ADA47D86BBE42A3C1279A65 /* Pods_NavigationStack.framework in Frameworks */ = {isa = PBXBuildFile; fileRef = 428938A0AA561D3C1E8DDA17 /* Pods_NavigationStack.framework */; };
		260710F92675E88D00BA3047 /* OnDidAppearTests.swift in Sources */ = {isa = PBXBuildFile; fileRef = 260710F82675E88D00BA3047 /* OnDidAppearTests.swift */; };
		260710FC2675EC2000BA3047 /* OnDidAppearExample.swift in Sources */ = {isa = PBXBuildFile; fileRef = 260710FB2675EC2000BA3047 /* OnDidAppearExample.swift */; };
		260710FE26766A2600BA3047 /* Experiment10Tests.swift in Sources */ = {isa = PBXBuildFile; fileRef = 260710FD26766A2600BA3047 /* Experiment10Tests.swift */; };
		26159051263EABF80089794D /* XCTestCaseExtensions.swift in Sources */ = {isa = PBXBuildFile; fileRef = 26159050263EABF80089794D /* XCTestCaseExtensions.swift */; };
		2615D53E256A798C0009A477 /* Types.swift in Sources */ = {isa = PBXBuildFile; fileRef = 2615D4D9256A79560009A477 /* Types.swift */; };
		2615D53F256A798C0009A477 /* NavigationAnimations.swift in Sources */ = {isa = PBXBuildFile; fileRef = 2615D4DA256A79560009A477 /* NavigationAnimations.swift */; };
		2615D540256A798C0009A477 /* NavigationStackNode.swift in Sources */ = {isa = PBXBuildFile; fileRef = 2615D4D8256A79560009A477 /* NavigationStackNode.swift */; };
		2615D541256A798C0009A477 /* NavigationAnimation.swift in Sources */ = {isa = PBXBuildFile; fileRef = 2615D4D4256A79560009A477 /* NavigationAnimation.swift */; };
		2615D542256A798C0009A477 /* NavigationStackModel.swift in Sources */ = {isa = PBXBuildFile; fileRef = 2615D4D5256A79560009A477 /* NavigationStackModel.swift */; };
		2615D543256A798C0009A477 /* NavigationStackView.swift in Sources */ = {isa = PBXBuildFile; fileRef = 2615D4D6256A79560009A477 /* NavigationStackView.swift */; };
		2615D544256A798C0009A477 /* NavigationStackModelConvenienceMethods.swift in Sources */ = {isa = PBXBuildFile; fileRef = 2615D4D7256A79560009A477 /* NavigationStackModelConvenienceMethods.swift */; };
		2615D54D256A79930009A477 /* TiltAndFly.swift in Sources */ = {isa = PBXBuildFile; fileRef = 2615D4DF256A79560009A477 /* TiltAndFly.swift */; };
		2615D54E256A79930009A477 /* Saturation.swift in Sources */ = {isa = PBXBuildFile; fileRef = 2615D4E2256A79560009A477 /* Saturation.swift */; };
		2615D54F256A79930009A477 /* Blur.swift in Sources */ = {isa = PBXBuildFile; fileRef = 2615D4E3256A79560009A477 /* Blur.swift */; };
		2615D551256A79930009A477 /* HueRotation.swift in Sources */ = {isa = PBXBuildFile; fileRef = 2615D4DD256A79560009A477 /* HueRotation.swift */; };
		2615D552256A79930009A477 /* Static.swift in Sources */ = {isa = PBXBuildFile; fileRef = 2615D4DE256A79560009A477 /* Static.swift */; };
		2615D553256A79930009A477 /* Contrast.swift in Sources */ = {isa = PBXBuildFile; fileRef = 2615D4E4256A79560009A477 /* Contrast.swift */; };
		2615D554256A79930009A477 /* Brightness.swift in Sources */ = {isa = PBXBuildFile; fileRef = 2615D4E0256A79560009A477 /* Brightness.swift */; };
		2615D578256A79A70009A477 /* Experiment8.swift in Sources */ = {isa = PBXBuildFile; fileRef = 2615D55B256A79A60009A477 /* Experiment8.swift */; };
		2615D579256A79A70009A477 /* Experiment9.swift in Sources */ = {isa = PBXBuildFile; fileRef = 2615D55C256A79A60009A477 /* Experiment9.swift */; };
		2615D57A256A79A70009A477 /* Experiment3.swift in Sources */ = {isa = PBXBuildFile; fileRef = 2615D55D256A79A60009A477 /* Experiment3.swift */; };
		2615D57B256A79A70009A477 /* Experiment1.swift in Sources */ = {isa = PBXBuildFile; fileRef = 2615D55E256A79A60009A477 /* Experiment1.swift */; };
		2615D57C256A79A70009A477 /* Experiment5.swift in Sources */ = {isa = PBXBuildFile; fileRef = 2615D55F256A79A70009A477 /* Experiment5.swift */; };
		2615D57D256A79A70009A477 /* Experiment7.swift in Sources */ = {isa = PBXBuildFile; fileRef = 2615D560256A79A70009A477 /* Experiment7.swift */; };
		2615D57E256A79A70009A477 /* Experiment0.swift in Sources */ = {isa = PBXBuildFile; fileRef = 2615D561256A79A70009A477 /* Experiment0.swift */; };
		2615D57F256A79A70009A477 /* Experiment2.swift in Sources */ = {isa = PBXBuildFile; fileRef = 2615D562256A79A70009A477 /* Experiment2.swift */; };
		2615D580256A79A70009A477 /* Commons.swift in Sources */ = {isa = PBXBuildFile; fileRef = 2615D564256A79A70009A477 /* Commons.swift */; };
		2615D581256A79A70009A477 /* Experiment6.swift in Sources */ = {isa = PBXBuildFile; fileRef = 2615D565256A79A70009A477 /* Experiment6.swift */; };
		2615D582256A79A70009A477 /* Experiment4.swift in Sources */ = {isa = PBXBuildFile; fileRef = 2615D566256A79A70009A477 /* Experiment4.swift */; };
		2615D583256A79A70009A477 /* Assets.xcassets in Resources */ = {isa = PBXBuildFile; fileRef = 2615D568256A79A70009A477 /* Assets.xcassets */; };
		2615D584256A79A70009A477 /* LaunchScreen.storyboard in Resources */ = {isa = PBXBuildFile; fileRef = 2615D569256A79A70009A477 /* LaunchScreen.storyboard */; };
		2615D585256A79A70009A477 /* Preview Assets.xcassets in Resources */ = {isa = PBXBuildFile; fileRef = 2615D56C256A79A70009A477 /* Preview Assets.xcassets */; };
		2615D586256A79A70009A477 /* ContentView1.swift in Sources */ = {isa = PBXBuildFile; fileRef = 2615D56E256A79A70009A477 /* ContentView1.swift */; };
		2615D587256A79A70009A477 /* ContentView3.swift in Sources */ = {isa = PBXBuildFile; fileRef = 2615D56F256A79A70009A477 /* ContentView3.swift */; };
		2615D588256A79A70009A477 /* SubviewExamples.swift in Sources */ = {isa = PBXBuildFile; fileRef = 2615D570256A79A70009A477 /* SubviewExamples.swift */; };
		2615D589256A79A70009A477 /* ContentView4.swift in Sources */ = {isa = PBXBuildFile; fileRef = 2615D571256A79A70009A477 /* ContentView4.swift */; };
		2615D58A256A79A70009A477 /* TransitionExamples.swift in Sources */ = {isa = PBXBuildFile; fileRef = 2615D572256A79A70009A477 /* TransitionExamples.swift */; };
		2615D58B256A79A70009A477 /* ContentView2.swift in Sources */ = {isa = PBXBuildFile; fileRef = 2615D573256A79A70009A477 /* ContentView2.swift */; };
		2615D58C256A79A70009A477 /* DismissTopContentButton.swift in Sources */ = {isa = PBXBuildFile; fileRef = 2615D575256A79A70009A477 /* DismissTopContentButton.swift */; };
		2615D58D256A79A70009A477 /* AppDelegate.swift in Sources */ = {isa = PBXBuildFile; fileRef = 2615D576256A79A70009A477 /* AppDelegate.swift */; };
		2615D58E256A79A70009A477 /* SceneDelegate.swift in Sources */ = {isa = PBXBuildFile; fileRef = 2615D577256A79A70009A477 /* SceneDelegate.swift */; };
		2615D5BF256A79F10009A477 /* NavigationModelInitTests.swift in Sources */ = {isa = PBXBuildFile; fileRef = 2615D5B1256A79F10009A477 /* NavigationModelInitTests.swift */; };
		2615D5C0256A79F10009A477 /* NavigationModelStateTests.swift in Sources */ = {isa = PBXBuildFile; fileRef = 2615D5B2256A79F10009A477 /* NavigationModelStateTests.swift */; };
		2615D5C1256A79F10009A477 /* NavigationModelPublishedTests.swift in Sources */ = {isa = PBXBuildFile; fileRef = 2615D5B3256A79F10009A477 /* NavigationModelPublishedTests.swift */; };
		2615D5C2256A79F10009A477 /* NavigationModelStackViewCallTests.swift in Sources */ = {isa = PBXBuildFile; fileRef = 2615D5B4256A79F10009A477 /* NavigationModelStackViewCallTests.swift */; };
		2615D5C3256A79F10009A477 /* NavigationAnimationInitTests.swift in Sources */ = {isa = PBXBuildFile; fileRef = 2615D5B6256A79F10009A477 /* NavigationAnimationInitTests.swift */; };
		2615D5C4256A79F10009A477 /* NavigationStackViewInitTests.swift in Sources */ = {isa = PBXBuildFile; fileRef = 2615D5B8256A79F10009A477 /* NavigationStackViewInitTests.swift */; };
		2615D5C6256A79F10009A477 /* NavigationStackNodeGetLeafNodeTests.swift in Sources */ = {isa = PBXBuildFile; fileRef = 2615D5BB256A79F10009A477 /* NavigationStackNodeGetLeafNodeTests.swift */; };
		2615D5C7256A79F10009A477 /* NavigationStackNodePublishedTests.swift in Sources */ = {isa = PBXBuildFile; fileRef = 2615D5BC256A79F10009A477 /* NavigationStackNodePublishedTests.swift */; };
		2615D5C8256A79F10009A477 /* NavigationStackNodeGetNodeTests.swift in Sources */ = {isa = PBXBuildFile; fileRef = 2615D5BD256A79F10009A477 /* NavigationStackNodeGetNodeTests.swift */; };
		2615D5C9256A79F10009A477 /* NavigationStackNodeInitTests.swift in Sources */ = {isa = PBXBuildFile; fileRef = 2615D5BE256A79F10009A477 /* NavigationStackNodeInitTests.swift */; };
		2615D5DB256A7A230009A477 /* ContentViewTests.swift in Sources */ = {isa = PBXBuildFile; fileRef = 2615D5D7256A7A230009A477 /* ContentViewTests.swift */; };
		2615D5DC256A7A230009A477 /* TransitionExampleTests.swift in Sources */ = {isa = PBXBuildFile; fileRef = 2615D5D8256A7A230009A477 /* TransitionExampleTests.swift */; };
		2615D5DD256A7A230009A477 /* SubviewExampleTests.swift in Sources */ = {isa = PBXBuildFile; fileRef = 2615D5D9256A7A230009A477 /* SubviewExampleTests.swift */; };
		2615D5DE256A7A230009A477 /* ExperimentTests.swift in Sources */ = {isa = PBXBuildFile; fileRef = 2615D5DA256A7A230009A477 /* ExperimentTests.swift */; };
		263FA92625718E8800C802DF /* NavigationModelConvenienceMethodsTests.swift in Sources */ = {isa = PBXBuildFile; fileRef = 263FA92525718E8800C802DF /* NavigationModelConvenienceMethodsTests.swift */; };
		263FA9302571925F00C802DF /* NavigationModelStub.swift in Sources */ = {isa = PBXBuildFile; fileRef = 263FA92F2571925F00C802DF /* NavigationModelStub.swift */; };
		2640286D25B04BD100BCF0C3 /* RectangleShape.swift in Sources */ = {isa = PBXBuildFile; fileRef = 2640286C25B04BD100BCF0C3 /* RectangleShape.swift */; };
		2640287725B04BFA00BCF0C3 /* StripesShape.swift in Sources */ = {isa = PBXBuildFile; fileRef = 2640287625B04BFA00BCF0C3 /* StripesShape.swift */; };
		2640287D25B04C1E00BCF0C3 /* ClipShapeModifier.swift in Sources */ = {isa = PBXBuildFile; fileRef = 2640287C25B04C1E00BCF0C3 /* ClipShapeModifier.swift */; };
		2640288325B04CBE00BCF0C3 /* CircleShape.swift in Sources */ = {isa = PBXBuildFile; fileRef = 2640288225B04CBE00BCF0C3 /* CircleShape.swift */; };
		264CA81B262194B900F3178D /* Experiment10.swift in Sources */ = {isa = PBXBuildFile; fileRef = 264CA81A262194B900F3178D /* Experiment10.swift */; };
		26803884254D4503005FFB51 /* NavigationStack.framework in Frameworks */ = {isa = PBXBuildFile; fileRef = 2680387B254D4503005FFB51 /* NavigationStack.framework */; };
		26803890254D4503005FFB51 /* NavigationStack.framework in Frameworks */ = {isa = PBXBuildFile; fileRef = 2680387B254D4503005FFB51 /* NavigationStack.framework */; };
		26803891254D4503005FFB51 /* NavigationStack.framework in Embed Frameworks */ = {isa = PBXBuildFile; fileRef = 2680387B254D4503005FFB51 /* NavigationStack.framework */; settings = {ATTRIBUTES = (CodeSignOnCopy, RemoveHeadersOnCopy, ); }; };
		26CF0D9226501FA30037DE6D /* OnDidAppear.swift in Sources */ = {isa = PBXBuildFile; fileRef = 26CF0D9026501A8B0037DE6D /* OnDidAppear.swift */; };
		26CF0D94265036C70037DE6D /* OnAnimationCompleted.swift in Sources */ = {isa = PBXBuildFile; fileRef = 26CF0D93265036C70037DE6D /* OnAnimationCompleted.swift */; };
		26CF0D96265180250037DE6D /* NavigationViewLifecycleActionWrapper.swift in Sources */ = {isa = PBXBuildFile; fileRef = 26CF0D95265180250037DE6D /* NavigationViewLifecycleActionWrapper.swift */; };
		26E08D10267BBE6E00E7E69E /* Experiment11.swift in Sources */ = {isa = PBXBuildFile; fileRef = 26E08D0F267BBE6E00E7E69E /* Experiment11.swift */; };
		6364FD39926129A955D231DB /* Pods_NavigationStackExample.framework in Frameworks */ = {isa = PBXBuildFile; fileRef = 771420FE8C3240E2892674B1 /* Pods_NavigationStackExample.framework */; };
/* End PBXBuildFile section */

/* Begin PBXContainerItemProxy section */
		26803885254D4503005FFB51 /* PBXContainerItemProxy */ = {
			isa = PBXContainerItemProxy;
			containerPortal = 26803854254D4275005FFB51 /* Project object */;
			proxyType = 1;
			remoteGlobalIDString = 2680387A254D4503005FFB51;
			remoteInfo = NavigationStack;
		};
		2680388E254D4503005FFB51 /* PBXContainerItemProxy */ = {
			isa = PBXContainerItemProxy;
			containerPortal = 26803854254D4275005FFB51 /* Project object */;
			proxyType = 1;
			remoteGlobalIDString = 2680387A254D4503005FFB51;
			remoteInfo = NavigationStack;
		};
		268038A4254D4563005FFB51 /* PBXContainerItemProxy */ = {
			isa = PBXContainerItemProxy;
			containerPortal = 26803854254D4275005FFB51 /* Project object */;
			proxyType = 1;
			remoteGlobalIDString = 2680385B254D4275005FFB51;
			remoteInfo = NavigationStackExample;
		};
/* End PBXContainerItemProxy section */

/* Begin PBXCopyFilesBuildPhase section */
		26803895254D4503005FFB51 /* Embed Frameworks */ = {
			isa = PBXCopyFilesBuildPhase;
			buildActionMask = 2147483647;
			dstPath = "";
			dstSubfolderSpec = 10;
			files = (
				26803891254D4503005FFB51 /* NavigationStack.framework in Embed Frameworks */,
			);
			name = "Embed Frameworks";
			runOnlyForDeploymentPostprocessing = 0;
		};
/* End PBXCopyFilesBuildPhase section */

/* Begin PBXFileReference section */
		15FEB35912AAD71834C8AD29 /* Pods-NavigationStack.debug.xcconfig */ = {isa = PBXFileReference; includeInIndex = 1; lastKnownFileType = text.xcconfig; name = "Pods-NavigationStack.debug.xcconfig"; path = "Target Support Files/Pods-NavigationStack/Pods-NavigationStack.debug.xcconfig"; sourceTree = "<group>"; };
		260710F82675E88D00BA3047 /* OnDidAppearTests.swift */ = {isa = PBXFileReference; lastKnownFileType = sourcecode.swift; path = OnDidAppearTests.swift; sourceTree = "<group>"; };
		260710FA2675E9F600BA3047 /* Readme.md */ = {isa = PBXFileReference; lastKnownFileType = net.daringfireball.markdown; path = Readme.md; sourceTree = "<group>"; };
		260710FB2675EC2000BA3047 /* OnDidAppearExample.swift */ = {isa = PBXFileReference; lastKnownFileType = sourcecode.swift; path = OnDidAppearExample.swift; sourceTree = "<group>"; };
		260710FD26766A2600BA3047 /* Experiment10Tests.swift */ = {isa = PBXFileReference; lastKnownFileType = sourcecode.swift; path = Experiment10Tests.swift; sourceTree = "<group>"; };
		26159050263EABF80089794D /* XCTestCaseExtensions.swift */ = {isa = PBXFileReference; lastKnownFileType = sourcecode.swift; path = XCTestCaseExtensions.swift; sourceTree = "<group>"; };
		2615D4BA256A78C60009A477 /* Info.plist */ = {isa = PBXFileReference; lastKnownFileType = text.plist.xml; path = Info.plist; sourceTree = "<group>"; };
		2615D4BC256A78C60009A477 /* Info.plist */ = {isa = PBXFileReference; lastKnownFileType = text.plist.xml; path = Info.plist; sourceTree = "<group>"; };
		2615D4BE256A78C60009A477 /* Info.plist */ = {isa = PBXFileReference; lastKnownFileType = text.plist.xml; path = Info.plist; sourceTree = "<group>"; };
		2615D4C0256A78C60009A477 /* Info.plist */ = {isa = PBXFileReference; lastKnownFileType = text.plist.xml; path = Info.plist; sourceTree = "<group>"; };
		2615D4D4256A79560009A477 /* NavigationAnimation.swift */ = {isa = PBXFileReference; fileEncoding = 4; lastKnownFileType = sourcecode.swift; path = NavigationAnimation.swift; sourceTree = "<group>"; };
		2615D4D5256A79560009A477 /* NavigationStackModel.swift */ = {isa = PBXFileReference; fileEncoding = 4; lastKnownFileType = sourcecode.swift; path = NavigationStackModel.swift; sourceTree = "<group>"; };
		2615D4D6256A79560009A477 /* NavigationStackView.swift */ = {isa = PBXFileReference; fileEncoding = 4; lastKnownFileType = sourcecode.swift; path = NavigationStackView.swift; sourceTree = "<group>"; };
		2615D4D7256A79560009A477 /* NavigationStackModelConvenienceMethods.swift */ = {isa = PBXFileReference; fileEncoding = 4; lastKnownFileType = sourcecode.swift; path = NavigationStackModelConvenienceMethods.swift; sourceTree = "<group>"; };
		2615D4D8256A79560009A477 /* NavigationStackNode.swift */ = {isa = PBXFileReference; fileEncoding = 4; lastKnownFileType = sourcecode.swift; path = NavigationStackNode.swift; sourceTree = "<group>"; };
		2615D4D9256A79560009A477 /* Types.swift */ = {isa = PBXFileReference; fileEncoding = 4; lastKnownFileType = sourcecode.swift; path = Types.swift; sourceTree = "<group>"; };
		2615D4DA256A79560009A477 /* NavigationAnimations.swift */ = {isa = PBXFileReference; fileEncoding = 4; lastKnownFileType = sourcecode.swift; path = NavigationAnimations.swift; sourceTree = "<group>"; };
		2615D4DB256A79560009A477 /* NavigationStack.h */ = {isa = PBXFileReference; fileEncoding = 4; lastKnownFileType = sourcecode.c.h; path = NavigationStack.h; sourceTree = "<group>"; };
		2615D4DD256A79560009A477 /* HueRotation.swift */ = {isa = PBXFileReference; fileEncoding = 4; lastKnownFileType = sourcecode.swift; path = HueRotation.swift; sourceTree = "<group>"; };
		2615D4DE256A79560009A477 /* Static.swift */ = {isa = PBXFileReference; fileEncoding = 4; lastKnownFileType = sourcecode.swift; path = Static.swift; sourceTree = "<group>"; };
		2615D4DF256A79560009A477 /* TiltAndFly.swift */ = {isa = PBXFileReference; fileEncoding = 4; lastKnownFileType = sourcecode.swift; path = TiltAndFly.swift; sourceTree = "<group>"; };
		2615D4E0256A79560009A477 /* Brightness.swift */ = {isa = PBXFileReference; fileEncoding = 4; lastKnownFileType = sourcecode.swift; path = Brightness.swift; sourceTree = "<group>"; };
		2615D4E2256A79560009A477 /* Saturation.swift */ = {isa = PBXFileReference; fileEncoding = 4; lastKnownFileType = sourcecode.swift; path = Saturation.swift; sourceTree = "<group>"; };
		2615D4E3256A79560009A477 /* Blur.swift */ = {isa = PBXFileReference; fileEncoding = 4; lastKnownFileType = sourcecode.swift; path = Blur.swift; sourceTree = "<group>"; };
		2615D4E4256A79560009A477 /* Contrast.swift */ = {isa = PBXFileReference; fileEncoding = 4; lastKnownFileType = sourcecode.swift; path = Contrast.swift; sourceTree = "<group>"; };
		2615D55B256A79A60009A477 /* Experiment8.swift */ = {isa = PBXFileReference; fileEncoding = 4; lastKnownFileType = sourcecode.swift; path = Experiment8.swift; sourceTree = "<group>"; };
		2615D55C256A79A60009A477 /* Experiment9.swift */ = {isa = PBXFileReference; fileEncoding = 4; lastKnownFileType = sourcecode.swift; path = Experiment9.swift; sourceTree = "<group>"; };
		2615D55D256A79A60009A477 /* Experiment3.swift */ = {isa = PBXFileReference; fileEncoding = 4; lastKnownFileType = sourcecode.swift; path = Experiment3.swift; sourceTree = "<group>"; };
		2615D55E256A79A60009A477 /* Experiment1.swift */ = {isa = PBXFileReference; fileEncoding = 4; lastKnownFileType = sourcecode.swift; path = Experiment1.swift; sourceTree = "<group>"; };
		2615D55F256A79A70009A477 /* Experiment5.swift */ = {isa = PBXFileReference; fileEncoding = 4; lastKnownFileType = sourcecode.swift; path = Experiment5.swift; sourceTree = "<group>"; };
		2615D560256A79A70009A477 /* Experiment7.swift */ = {isa = PBXFileReference; fileEncoding = 4; lastKnownFileType = sourcecode.swift; path = Experiment7.swift; sourceTree = "<group>"; };
		2615D561256A79A70009A477 /* Experiment0.swift */ = {isa = PBXFileReference; fileEncoding = 4; lastKnownFileType = sourcecode.swift; path = Experiment0.swift; sourceTree = "<group>"; };
		2615D562256A79A70009A477 /* Experiment2.swift */ = {isa = PBXFileReference; fileEncoding = 4; lastKnownFileType = sourcecode.swift; path = Experiment2.swift; sourceTree = "<group>"; };
		2615D564256A79A70009A477 /* Commons.swift */ = {isa = PBXFileReference; fileEncoding = 4; lastKnownFileType = sourcecode.swift; path = Commons.swift; sourceTree = "<group>"; };
		2615D565256A79A70009A477 /* Experiment6.swift */ = {isa = PBXFileReference; fileEncoding = 4; lastKnownFileType = sourcecode.swift; path = Experiment6.swift; sourceTree = "<group>"; };
		2615D566256A79A70009A477 /* Experiment4.swift */ = {isa = PBXFileReference; fileEncoding = 4; lastKnownFileType = sourcecode.swift; path = Experiment4.swift; sourceTree = "<group>"; };
		2615D568256A79A70009A477 /* Assets.xcassets */ = {isa = PBXFileReference; lastKnownFileType = folder.assetcatalog; path = Assets.xcassets; sourceTree = "<group>"; };
		2615D56A256A79A70009A477 /* Base */ = {isa = PBXFileReference; lastKnownFileType = file.storyboard; name = Base; path = Base.lproj/LaunchScreen.storyboard; sourceTree = "<group>"; };
		2615D56C256A79A70009A477 /* Preview Assets.xcassets */ = {isa = PBXFileReference; lastKnownFileType = folder.assetcatalog; path = "Preview Assets.xcassets"; sourceTree = "<group>"; };
		2615D56E256A79A70009A477 /* ContentView1.swift */ = {isa = PBXFileReference; fileEncoding = 4; lastKnownFileType = sourcecode.swift; path = ContentView1.swift; sourceTree = "<group>"; };
		2615D56F256A79A70009A477 /* ContentView3.swift */ = {isa = PBXFileReference; fileEncoding = 4; lastKnownFileType = sourcecode.swift; path = ContentView3.swift; sourceTree = "<group>"; };
		2615D570256A79A70009A477 /* SubviewExamples.swift */ = {isa = PBXFileReference; fileEncoding = 4; lastKnownFileType = sourcecode.swift; path = SubviewExamples.swift; sourceTree = "<group>"; };
		2615D571256A79A70009A477 /* ContentView4.swift */ = {isa = PBXFileReference; fileEncoding = 4; lastKnownFileType = sourcecode.swift; path = ContentView4.swift; sourceTree = "<group>"; };
		2615D572256A79A70009A477 /* TransitionExamples.swift */ = {isa = PBXFileReference; fileEncoding = 4; lastKnownFileType = sourcecode.swift; path = TransitionExamples.swift; sourceTree = "<group>"; };
		2615D573256A79A70009A477 /* ContentView2.swift */ = {isa = PBXFileReference; fileEncoding = 4; lastKnownFileType = sourcecode.swift; path = ContentView2.swift; sourceTree = "<group>"; };
		2615D575256A79A70009A477 /* DismissTopContentButton.swift */ = {isa = PBXFileReference; fileEncoding = 4; lastKnownFileType = sourcecode.swift; path = DismissTopContentButton.swift; sourceTree = "<group>"; };
		2615D576256A79A70009A477 /* AppDelegate.swift */ = {isa = PBXFileReference; fileEncoding = 4; lastKnownFileType = sourcecode.swift; path = AppDelegate.swift; sourceTree = "<group>"; };
		2615D577256A79A70009A477 /* SceneDelegate.swift */ = {isa = PBXFileReference; fileEncoding = 4; lastKnownFileType = sourcecode.swift; path = SceneDelegate.swift; sourceTree = "<group>"; };
		2615D5A9256A79D70009A477 /* LinuxMain.swift */ = {isa = PBXFileReference; lastKnownFileType = sourcecode.swift; path = LinuxMain.swift; sourceTree = "<group>"; };
		2615D5B1256A79F10009A477 /* NavigationModelInitTests.swift */ = {isa = PBXFileReference; fileEncoding = 4; lastKnownFileType = sourcecode.swift; path = NavigationModelInitTests.swift; sourceTree = "<group>"; };
		2615D5B2256A79F10009A477 /* NavigationModelStateTests.swift */ = {isa = PBXFileReference; fileEncoding = 4; lastKnownFileType = sourcecode.swift; path = NavigationModelStateTests.swift; sourceTree = "<group>"; };
		2615D5B3256A79F10009A477 /* NavigationModelPublishedTests.swift */ = {isa = PBXFileReference; fileEncoding = 4; lastKnownFileType = sourcecode.swift; path = NavigationModelPublishedTests.swift; sourceTree = "<group>"; };
		2615D5B4256A79F10009A477 /* NavigationModelStackViewCallTests.swift */ = {isa = PBXFileReference; fileEncoding = 4; lastKnownFileType = sourcecode.swift; path = NavigationModelStackViewCallTests.swift; sourceTree = "<group>"; };
		2615D5B6256A79F10009A477 /* NavigationAnimationInitTests.swift */ = {isa = PBXFileReference; fileEncoding = 4; lastKnownFileType = sourcecode.swift; path = NavigationAnimationInitTests.swift; sourceTree = "<group>"; };
		2615D5B8256A79F10009A477 /* NavigationStackViewInitTests.swift */ = {isa = PBXFileReference; fileEncoding = 4; lastKnownFileType = sourcecode.swift; path = NavigationStackViewInitTests.swift; sourceTree = "<group>"; };
		2615D5B9256A79F10009A477 /* XCTestManifests.swift */ = {isa = PBXFileReference; fileEncoding = 4; lastKnownFileType = sourcecode.swift; path = XCTestManifests.swift; sourceTree = "<group>"; };
		2615D5BB256A79F10009A477 /* NavigationStackNodeGetLeafNodeTests.swift */ = {isa = PBXFileReference; fileEncoding = 4; lastKnownFileType = sourcecode.swift; path = NavigationStackNodeGetLeafNodeTests.swift; sourceTree = "<group>"; };
		2615D5BC256A79F10009A477 /* NavigationStackNodePublishedTests.swift */ = {isa = PBXFileReference; fileEncoding = 4; lastKnownFileType = sourcecode.swift; path = NavigationStackNodePublishedTests.swift; sourceTree = "<group>"; };
		2615D5BD256A79F10009A477 /* NavigationStackNodeGetNodeTests.swift */ = {isa = PBXFileReference; fileEncoding = 4; lastKnownFileType = sourcecode.swift; path = NavigationStackNodeGetNodeTests.swift; sourceTree = "<group>"; };
		2615D5BE256A79F10009A477 /* NavigationStackNodeInitTests.swift */ = {isa = PBXFileReference; fileEncoding = 4; lastKnownFileType = sourcecode.swift; path = NavigationStackNodeInitTests.swift; sourceTree = "<group>"; };
		2615D5D7256A7A230009A477 /* ContentViewTests.swift */ = {isa = PBXFileReference; fileEncoding = 4; lastKnownFileType = sourcecode.swift; path = ContentViewTests.swift; sourceTree = "<group>"; };
		2615D5D8256A7A230009A477 /* TransitionExampleTests.swift */ = {isa = PBXFileReference; fileEncoding = 4; lastKnownFileType = sourcecode.swift; path = TransitionExampleTests.swift; sourceTree = "<group>"; };
		2615D5D9256A7A230009A477 /* SubviewExampleTests.swift */ = {isa = PBXFileReference; fileEncoding = 4; lastKnownFileType = sourcecode.swift; path = SubviewExampleTests.swift; sourceTree = "<group>"; };
		2615D5DA256A7A230009A477 /* ExperimentTests.swift */ = {isa = PBXFileReference; fileEncoding = 4; lastKnownFileType = sourcecode.swift; path = ExperimentTests.swift; sourceTree = "<group>"; };
		263FA92525718E8800C802DF /* NavigationModelConvenienceMethodsTests.swift */ = {isa = PBXFileReference; lastKnownFileType = sourcecode.swift; path = NavigationModelConvenienceMethodsTests.swift; sourceTree = "<group>"; };
		263FA92F2571925F00C802DF /* NavigationModelStub.swift */ = {isa = PBXFileReference; lastKnownFileType = sourcecode.swift; path = NavigationModelStub.swift; sourceTree = "<group>"; };
		2640286C25B04BD100BCF0C3 /* RectangleShape.swift */ = {isa = PBXFileReference; lastKnownFileType = sourcecode.swift; path = RectangleShape.swift; sourceTree = "<group>"; };
		2640287625B04BFA00BCF0C3 /* StripesShape.swift */ = {isa = PBXFileReference; lastKnownFileType = sourcecode.swift; path = StripesShape.swift; sourceTree = "<group>"; };
		2640287C25B04C1E00BCF0C3 /* ClipShapeModifier.swift */ = {isa = PBXFileReference; lastKnownFileType = sourcecode.swift; path = ClipShapeModifier.swift; sourceTree = "<group>"; };
		2640288225B04CBE00BCF0C3 /* CircleShape.swift */ = {isa = PBXFileReference; lastKnownFileType = sourcecode.swift; path = CircleShape.swift; sourceTree = "<group>"; };
		264CA81A262194B900F3178D /* Experiment10.swift */ = {isa = PBXFileReference; lastKnownFileType = sourcecode.swift; path = Experiment10.swift; sourceTree = "<group>"; };
		2680385C254D4275005FFB51 /* NavigationStackExample.app */ = {isa = PBXFileReference; explicitFileType = wrapper.application; includeInIndex = 0; path = NavigationStackExample.app; sourceTree = BUILT_PRODUCTS_DIR; };
		2680387B254D4503005FFB51 /* NavigationStack.framework */ = {isa = PBXFileReference; explicitFileType = wrapper.framework; includeInIndex = 0; path = NavigationStack.framework; sourceTree = BUILT_PRODUCTS_DIR; };
		26803883254D4503005FFB51 /* NavigationStackTests.xctest */ = {isa = PBXFileReference; explicitFileType = wrapper.cfbundle; includeInIndex = 0; path = NavigationStackTests.xctest; sourceTree = BUILT_PRODUCTS_DIR; };
		2680389F254D4563005FFB51 /* NavigationStackExampleUITests.xctest */ = {isa = PBXFileReference; explicitFileType = wrapper.cfbundle; includeInIndex = 0; path = NavigationStackExampleUITests.xctest; sourceTree = BUILT_PRODUCTS_DIR; };
		26CF0D9026501A8B0037DE6D /* OnDidAppear.swift */ = {isa = PBXFileReference; lastKnownFileType = sourcecode.swift; path = OnDidAppear.swift; sourceTree = "<group>"; };
		26CF0D93265036C70037DE6D /* OnAnimationCompleted.swift */ = {isa = PBXFileReference; lastKnownFileType = sourcecode.swift; path = OnAnimationCompleted.swift; sourceTree = "<group>"; };
		26CF0D95265180250037DE6D /* NavigationViewLifecycleActionWrapper.swift */ = {isa = PBXFileReference; lastKnownFileType = sourcecode.swift; path = NavigationViewLifecycleActionWrapper.swift; sourceTree = "<group>"; };
		26E08D0F267BBE6E00E7E69E /* Experiment11.swift */ = {isa = PBXFileReference; lastKnownFileType = sourcecode.swift; path = Experiment11.swift; sourceTree = "<group>"; };
		428938A0AA561D3C1E8DDA17 /* Pods_NavigationStack.framework */ = {isa = PBXFileReference; explicitFileType = wrapper.framework; includeInIndex = 0; path = Pods_NavigationStack.framework; sourceTree = BUILT_PRODUCTS_DIR; };
		76E7F27EF3D92D75A15CC08D /* Pods-NavigationStackExample.release.xcconfig */ = {isa = PBXFileReference; includeInIndex = 1; lastKnownFileType = text.xcconfig; name = "Pods-NavigationStackExample.release.xcconfig"; path = "Target Support Files/Pods-NavigationStackExample/Pods-NavigationStackExample.release.xcconfig"; sourceTree = "<group>"; };
		771420FE8C3240E2892674B1 /* Pods_NavigationStackExample.framework */ = {isa = PBXFileReference; explicitFileType = wrapper.framework; includeInIndex = 0; path = Pods_NavigationStackExample.framework; sourceTree = BUILT_PRODUCTS_DIR; };
		B087A28FFFD0AFC62F157F04 /* Pods-NavigationStack.release.xcconfig */ = {isa = PBXFileReference; includeInIndex = 1; lastKnownFileType = text.xcconfig; name = "Pods-NavigationStack.release.xcconfig"; path = "Target Support Files/Pods-NavigationStack/Pods-NavigationStack.release.xcconfig"; sourceTree = "<group>"; };
		C11291D6265F9E8BEC7E3099 /* Pods-NavigationStackExample.debug.xcconfig */ = {isa = PBXFileReference; includeInIndex = 1; lastKnownFileType = text.xcconfig; name = "Pods-NavigationStackExample.debug.xcconfig"; path = "Target Support Files/Pods-NavigationStackExample/Pods-NavigationStackExample.debug.xcconfig"; sourceTree = "<group>"; };
/* End PBXFileReference section */

/* Begin PBXFrameworksBuildPhase section */
		26803859254D4275005FFB51 /* Frameworks */ = {
			isa = PBXFrameworksBuildPhase;
			buildActionMask = 2147483647;
			files = (
				26803890254D4503005FFB51 /* NavigationStack.framework in Frameworks */,
				6364FD39926129A955D231DB /* Pods_NavigationStackExample.framework in Frameworks */,
			);
			runOnlyForDeploymentPostprocessing = 0;
		};
		26803878254D4503005FFB51 /* Frameworks */ = {
			isa = PBXFrameworksBuildPhase;
			buildActionMask = 2147483647;
			files = (
				1ADA47D86BBE42A3C1279A65 /* Pods_NavigationStack.framework in Frameworks */,
			);
			runOnlyForDeploymentPostprocessing = 0;
		};
		26803880254D4503005FFB51 /* Frameworks */ = {
			isa = PBXFrameworksBuildPhase;
			buildActionMask = 2147483647;
			files = (
				26803884254D4503005FFB51 /* NavigationStack.framework in Frameworks */,
			);
			runOnlyForDeploymentPostprocessing = 0;
		};
		2680389C254D4563005FFB51 /* Frameworks */ = {
			isa = PBXFrameworksBuildPhase;
			buildActionMask = 2147483647;
			files = (
			);
			runOnlyForDeploymentPostprocessing = 0;
		};
/* End PBXFrameworksBuildPhase section */

/* Begin PBXGroup section */
		140B1D24C2F2552D1857BDE4 /* Pods */ = {
			isa = PBXGroup;
			children = (
				15FEB35912AAD71834C8AD29 /* Pods-NavigationStack.debug.xcconfig */,
				B087A28FFFD0AFC62F157F04 /* Pods-NavigationStack.release.xcconfig */,
				C11291D6265F9E8BEC7E3099 /* Pods-NavigationStackExample.debug.xcconfig */,
				76E7F27EF3D92D75A15CC08D /* Pods-NavigationStackExample.release.xcconfig */,
			);
			path = Pods;
			sourceTree = "<group>";
		};
		26159056263EABFE0089794D /* Helper */ = {
			isa = PBXGroup;
			children = (
				26159050263EABF80089794D /* XCTestCaseExtensions.swift */,
			);
			path = Helper;
			sourceTree = "<group>";
		};
		2615D4B8256A78C60009A477 /* Config */ = {
			isa = PBXGroup;
			children = (
				2615D4B9256A78C60009A477 /* NavigationStackTests */,
				2615D4BB256A78C60009A477 /* NavigationStack */,
				2615D4BD256A78C60009A477 /* NavigationStackExample */,
				2615D4BF256A78C60009A477 /* NavigationStackExampleUITests */,
			);
			path = Config;
			sourceTree = "<group>";
		};
		2615D4B9256A78C60009A477 /* NavigationStackTests */ = {
			isa = PBXGroup;
			children = (
				2615D4BA256A78C60009A477 /* Info.plist */,
			);
			path = NavigationStackTests;
			sourceTree = "<group>";
		};
		2615D4BB256A78C60009A477 /* NavigationStack */ = {
			isa = PBXGroup;
			children = (
				2615D4BC256A78C60009A477 /* Info.plist */,
			);
			path = NavigationStack;
			sourceTree = "<group>";
		};
		2615D4BD256A78C60009A477 /* NavigationStackExample */ = {
			isa = PBXGroup;
			children = (
				2615D4BE256A78C60009A477 /* Info.plist */,
			);
			path = NavigationStackExample;
			sourceTree = "<group>";
		};
		2615D4BF256A78C60009A477 /* NavigationStackExampleUITests */ = {
			isa = PBXGroup;
			children = (
				2615D4C0256A78C60009A477 /* Info.plist */,
			);
			path = NavigationStackExampleUITests;
			sourceTree = "<group>";
		};
		2615D4D1256A79560009A477 /* Sources */ = {
			isa = PBXGroup;
			children = (
				2615D559256A79A60009A477 /* NavigationStackExample */,
				2615D4D2256A79560009A477 /* NavigationStack */,
			);
			path = Sources;
			sourceTree = "<group>";
		};
		2615D4D2256A79560009A477 /* NavigationStack */ = {
			isa = PBXGroup;
			children = (
				2615D4D3256A79560009A477 /* Core */,
				26CF0D8F26501A520037DE6D /* ViewLifecycle */,
				2615D4DC256A79560009A477 /* Transitions */,
				2615D4DB256A79560009A477 /* NavigationStack.h */,
			);
			path = NavigationStack;
			sourceTree = "<group>";
		};
		2615D4D3256A79560009A477 /* Core */ = {
			isa = PBXGroup;
			children = (
				2615D4D4256A79560009A477 /* NavigationAnimation.swift */,
				2615D4DA256A79560009A477 /* NavigationAnimations.swift */,
				2615D4D5256A79560009A477 /* NavigationStackModel.swift */,
				2615D4D7256A79560009A477 /* NavigationStackModelConvenienceMethods.swift */,
				2615D4D8256A79560009A477 /* NavigationStackNode.swift */,
				2615D4D6256A79560009A477 /* NavigationStackView.swift */,
				26CF0D95265180250037DE6D /* NavigationViewLifecycleActionWrapper.swift */,
				2615D4D9256A79560009A477 /* Types.swift */,
			);
			path = Core;
			sourceTree = "<group>";
		};
		2615D4DC256A79560009A477 /* Transitions */ = {
			isa = PBXGroup;
			children = (
				2615D4E3256A79560009A477 /* Blur.swift */,
				2615D4E0256A79560009A477 /* Brightness.swift */,
				2640288225B04CBE00BCF0C3 /* CircleShape.swift */,
				2640287C25B04C1E00BCF0C3 /* ClipShapeModifier.swift */,
				2615D4E4256A79560009A477 /* Contrast.swift */,
				2615D4DD256A79560009A477 /* HueRotation.swift */,
				2640286C25B04BD100BCF0C3 /* RectangleShape.swift */,
				2615D4E2256A79560009A477 /* Saturation.swift */,
				2615D4DE256A79560009A477 /* Static.swift */,
				2640287625B04BFA00BCF0C3 /* StripesShape.swift */,
				2615D4DF256A79560009A477 /* TiltAndFly.swift */,
			);
			path = Transitions;
			sourceTree = "<group>";
		};
		2615D559256A79A60009A477 /* NavigationStackExample */ = {
			isa = PBXGroup;
			children = (
				2615D56D256A79A70009A477 /* ExampleViews */,
				2615D55A256A79A60009A477 /* Experiments */,
				2615D56B256A79A70009A477 /* Preview Content */,
				2615D567256A79A70009A477 /* Resources */,
				2615D576256A79A70009A477 /* AppDelegate.swift */,
				2615D577256A79A70009A477 /* SceneDelegate.swift */,
			);
			path = NavigationStackExample;
			sourceTree = "<group>";
		};
		2615D55A256A79A60009A477 /* Experiments */ = {
			isa = PBXGroup;
			children = (
				2615D563256A79A70009A477 /* Helper */,
				2615D561256A79A70009A477 /* Experiment0.swift */,
				2615D55E256A79A60009A477 /* Experiment1.swift */,
				2615D562256A79A70009A477 /* Experiment2.swift */,
				2615D55D256A79A60009A477 /* Experiment3.swift */,
				2615D566256A79A70009A477 /* Experiment4.swift */,
				2615D55F256A79A70009A477 /* Experiment5.swift */,
				2615D565256A79A70009A477 /* Experiment6.swift */,
				2615D560256A79A70009A477 /* Experiment7.swift */,
				2615D55B256A79A60009A477 /* Experiment8.swift */,
				2615D55C256A79A60009A477 /* Experiment9.swift */,
				264CA81A262194B900F3178D /* Experiment10.swift */,
				26E08D0F267BBE6E00E7E69E /* Experiment11.swift */,
			);
			path = Experiments;
			sourceTree = "<group>";
		};
		2615D563256A79A70009A477 /* Helper */ = {
			isa = PBXGroup;
			children = (
				2615D564256A79A70009A477 /* Commons.swift */,
			);
			path = Helper;
			sourceTree = "<group>";
		};
		2615D567256A79A70009A477 /* Resources */ = {
			isa = PBXGroup;
			children = (
				2615D568256A79A70009A477 /* Assets.xcassets */,
				2615D569256A79A70009A477 /* LaunchScreen.storyboard */,
			);
			path = Resources;
			sourceTree = "<group>";
		};
		2615D56B256A79A70009A477 /* Preview Content */ = {
			isa = PBXGroup;
			children = (
				2615D56C256A79A70009A477 /* Preview Assets.xcassets */,
			);
			path = "Preview Content";
			sourceTree = "<group>";
		};
		2615D56D256A79A70009A477 /* ExampleViews */ = {
			isa = PBXGroup;
			children = (
				2615D574256A79A70009A477 /* Helper */,
				2615D56E256A79A70009A477 /* ContentView1.swift */,
				2615D573256A79A70009A477 /* ContentView2.swift */,
				2615D56F256A79A70009A477 /* ContentView3.swift */,
				2615D571256A79A70009A477 /* ContentView4.swift */,
				2615D570256A79A70009A477 /* SubviewExamples.swift */,
				2615D572256A79A70009A477 /* TransitionExamples.swift */,
				260710FB2675EC2000BA3047 /* OnDidAppearExample.swift */,
			);
			path = ExampleViews;
			sourceTree = "<group>";
		};
		2615D574256A79A70009A477 /* Helper */ = {
			isa = PBXGroup;
			children = (
				2615D575256A79A70009A477 /* DismissTopContentButton.swift */,
			);
			path = Helper;
			sourceTree = "<group>";
		};
		2615D598256A79D70009A477 /* Tests */ = {
			isa = PBXGroup;
			children = (
				260710FA2675E9F600BA3047 /* Readme.md */,
				2615D5D6256A7A230009A477 /* NavigationStackExampleUITests */,
				2615D5AF256A79F10009A477 /* NavigationStackTests */,
				2615D5A9256A79D70009A477 /* LinuxMain.swift */,
			);
			path = Tests;
			sourceTree = "<group>";
		};
		2615D5AF256A79F10009A477 /* NavigationStackTests */ = {
			isa = PBXGroup;
			children = (
				2615D5B5256A79F10009A477 /* NavigationAnimationTests */,
				2615D5B0256A79F10009A477 /* NavigationModelTests */,
				2615D5BA256A79F10009A477 /* NavigationStackNodeTests */,
				2615D5B7256A79F10009A477 /* NavigationStackViewTests */,
				2615D5B9256A79F10009A477 /* XCTestManifests.swift */,
			);
			path = NavigationStackTests;
			sourceTree = "<group>";
		};
		2615D5B0256A79F10009A477 /* NavigationModelTests */ = {
			isa = PBXGroup;
			children = (
				263FA92525718E8800C802DF /* NavigationModelConvenienceMethodsTests.swift */,
				2615D5B1256A79F10009A477 /* NavigationModelInitTests.swift */,
				2615D5B3256A79F10009A477 /* NavigationModelPublishedTests.swift */,
				2615D5B4256A79F10009A477 /* NavigationModelStackViewCallTests.swift */,
				2615D5B2256A79F10009A477 /* NavigationModelStateTests.swift */,
				263FA92F2571925F00C802DF /* NavigationModelStub.swift */,
			);
			path = NavigationModelTests;
			sourceTree = "<group>";
		};
		2615D5B5256A79F10009A477 /* NavigationAnimationTests */ = {
			isa = PBXGroup;
			children = (
				2615D5B6256A79F10009A477 /* NavigationAnimationInitTests.swift */,
			);
			path = NavigationAnimationTests;
			sourceTree = "<group>";
		};
		2615D5B7256A79F10009A477 /* NavigationStackViewTests */ = {
			isa = PBXGroup;
			children = (
				2615D5B8256A79F10009A477 /* NavigationStackViewInitTests.swift */,
			);
			path = NavigationStackViewTests;
			sourceTree = "<group>";
		};
		2615D5BA256A79F10009A477 /* NavigationStackNodeTests */ = {
			isa = PBXGroup;
			children = (
				2615D5BB256A79F10009A477 /* NavigationStackNodeGetLeafNodeTests.swift */,
				2615D5BD256A79F10009A477 /* NavigationStackNodeGetNodeTests.swift */,
				2615D5BE256A79F10009A477 /* NavigationStackNodeInitTests.swift */,
				2615D5BC256A79F10009A477 /* NavigationStackNodePublishedTests.swift */,
			);
			path = NavigationStackNodeTests;
			sourceTree = "<group>";
		};
		2615D5D6256A7A230009A477 /* NavigationStackExampleUITests */ = {
			isa = PBXGroup;
			children = (
				26159056263EABFE0089794D /* Helper */,
				2615D5D7256A7A230009A477 /* ContentViewTests.swift */,
				2615D5DA256A7A230009A477 /* ExperimentTests.swift */,
				260710F82675E88D00BA3047 /* OnDidAppearTests.swift */,
				2615D5D9256A7A230009A477 /* SubviewExampleTests.swift */,
				2615D5D8256A7A230009A477 /* TransitionExampleTests.swift */,
				260710FD26766A2600BA3047 /* Experiment10Tests.swift */,
			);
			path = NavigationStackExampleUITests;
			sourceTree = "<group>";
		};
		26803853254D4275005FFB51 = {
			isa = PBXGroup;
			children = (
				2615D4B8256A78C60009A477 /* Config */,
				2615D4D1256A79560009A477 /* Sources */,
				2615D598256A79D70009A477 /* Tests */,
				2680385D254D4275005FFB51 /* Products */,
				140B1D24C2F2552D1857BDE4 /* Pods */,
				EA605A71F6E1D467CAA32DF0 /* Frameworks */,
			);
			sourceTree = "<group>";
		};
		2680385D254D4275005FFB51 /* Products */ = {
			isa = PBXGroup;
			children = (
				2680385C254D4275005FFB51 /* NavigationStackExample.app */,
				2680387B254D4503005FFB51 /* NavigationStack.framework */,
				26803883254D4503005FFB51 /* NavigationStackTests.xctest */,
				2680389F254D4563005FFB51 /* NavigationStackExampleUITests.xctest */,
			);
			name = Products;
			sourceTree = "<group>";
		};
		26CF0D8F26501A520037DE6D /* ViewLifecycle */ = {
			isa = PBXGroup;
			children = (
				26CF0D93265036C70037DE6D /* OnAnimationCompleted.swift */,
				26CF0D9026501A8B0037DE6D /* OnDidAppear.swift */,
			);
			path = ViewLifecycle;
			sourceTree = "<group>";
		};
		EA605A71F6E1D467CAA32DF0 /* Frameworks */ = {
			isa = PBXGroup;
			children = (
				428938A0AA561D3C1E8DDA17 /* Pods_NavigationStack.framework */,
				771420FE8C3240E2892674B1 /* Pods_NavigationStackExample.framework */,
			);
			name = Frameworks;
			sourceTree = "<group>";
		};
/* End PBXGroup section */

/* Begin PBXHeadersBuildPhase section */
		26803876254D4503005FFB51 /* Headers */ = {
			isa = PBXHeadersBuildPhase;
			buildActionMask = 2147483647;
			files = (
			);
			runOnlyForDeploymentPostprocessing = 0;
		};
/* End PBXHeadersBuildPhase section */

/* Begin PBXNativeTarget section */
		2680385B254D4275005FFB51 /* NavigationStackExample */ = {
			isa = PBXNativeTarget;
			buildConfigurationList = 26803870254D4278005FFB51 /* Build configuration list for PBXNativeTarget "NavigationStackExample" */;
			buildPhases = (
				6C77AD80C335F2AFD38AEFA9 /* [CP] Check Pods Manifest.lock */,
				268038D5254D4C7C005FFB51 /* Install GitHooks */,
				268038D7254D4CC1005FFB51 /* SwiftLint */,
				26803858254D4275005FFB51 /* Sources */,
				26803859254D4275005FFB51 /* Frameworks */,
				2680385A254D4275005FFB51 /* Resources */,
				26803895254D4503005FFB51 /* Embed Frameworks */,
			);
			buildRules = (
			);
			dependencies = (
				2680388F254D4503005FFB51 /* PBXTargetDependency */,
			);
			name = NavigationStackExample;
			productName = NavigationStackExample;
			productReference = 2680385C254D4275005FFB51 /* NavigationStackExample.app */;
			productType = "com.apple.product-type.application";
		};
		2680387A254D4503005FFB51 /* NavigationStack */ = {
			isa = PBXNativeTarget;
			buildConfigurationList = 26803892254D4503005FFB51 /* Build configuration list for PBXNativeTarget "NavigationStack" */;
			buildPhases = (
				8B4B9AEFE5B0BCEE1E16A76E /* [CP] Check Pods Manifest.lock */,
				268038D6254D4C88005FFB51 /* Install GitHooks */,
				268038D8254D4CF0005FFB51 /* SwiftLint */,
				26803876254D4503005FFB51 /* Headers */,
				26803877254D4503005FFB51 /* Sources */,
				26803878254D4503005FFB51 /* Frameworks */,
				26803879254D4503005FFB51 /* Resources */,
			);
			buildRules = (
			);
			dependencies = (
			);
			name = NavigationStack;
			productName = NavigationStack;
			productReference = 2680387B254D4503005FFB51 /* NavigationStack.framework */;
			productType = "com.apple.product-type.framework";
		};
		26803882254D4503005FFB51 /* NavigationStackTests */ = {
			isa = PBXNativeTarget;
			buildConfigurationList = 26803896254D4503005FFB51 /* Build configuration list for PBXNativeTarget "NavigationStackTests" */;
			buildPhases = (
				2680387F254D4503005FFB51 /* Sources */,
				26803880254D4503005FFB51 /* Frameworks */,
				26803881254D4503005FFB51 /* Resources */,
			);
			buildRules = (
			);
			dependencies = (
				26803886254D4503005FFB51 /* PBXTargetDependency */,
			);
			name = NavigationStackTests;
			productName = NavigationStackTests;
			productReference = 26803883254D4503005FFB51 /* NavigationStackTests.xctest */;
			productType = "com.apple.product-type.bundle.unit-test";
		};
		2680389E254D4563005FFB51 /* NavigationStackExampleUITests */ = {
			isa = PBXNativeTarget;
			buildConfigurationList = 268038A6254D4563005FFB51 /* Build configuration list for PBXNativeTarget "NavigationStackExampleUITests" */;
			buildPhases = (
				2680389B254D4563005FFB51 /* Sources */,
				2680389C254D4563005FFB51 /* Frameworks */,
				2680389D254D4563005FFB51 /* Resources */,
			);
			buildRules = (
			);
			dependencies = (
				268038A5254D4563005FFB51 /* PBXTargetDependency */,
			);
			name = NavigationStackExampleUITests;
			productName = NavigationStackExampleUITests;
			productReference = 2680389F254D4563005FFB51 /* NavigationStackExampleUITests.xctest */;
			productType = "com.apple.product-type.bundle.ui-testing";
		};
/* End PBXNativeTarget section */

/* Begin PBXProject section */
		26803854254D4275005FFB51 /* Project object */ = {
			isa = PBXProject;
			attributes = {
				LastSwiftUpdateCheck = 1210;
				LastUpgradeCheck = 1210;
				TargetAttributes = {
					2680385B254D4275005FFB51 = {
						CreatedOnToolsVersion = 12.1;
					};
					2680387A254D4503005FFB51 = {
						CreatedOnToolsVersion = 12.1;
						LastSwiftMigration = 1210;
					};
					26803882254D4503005FFB51 = {
						CreatedOnToolsVersion = 12.1;
					};
					2680389E254D4563005FFB51 = {
						CreatedOnToolsVersion = 12.1;
						LastSwiftMigration = 1210;
						TestTargetID = 2680385B254D4275005FFB51;
					};
					268038AF254D4578005FFB51 = {
						CreatedOnToolsVersion = 12.1;
					};
				};
			};
			buildConfigurationList = 26803857254D4275005FFB51 /* Build configuration list for PBXProject "NavigationStack" */;
			compatibilityVersion = "Xcode 9.3";
			developmentRegion = en;
			hasScannedForEncodings = 0;
			knownRegions = (
				en,
				Base,
			);
			mainGroup = 26803853254D4275005FFB51;
			productRefGroup = 2680385D254D4275005FFB51 /* Products */;
			projectDirPath = "";
			projectRoot = "";
			targets = (
				2680385B254D4275005FFB51 /* NavigationStackExample */,
				2680389E254D4563005FFB51 /* NavigationStackExampleUITests */,
				2680387A254D4503005FFB51 /* NavigationStack */,
				26803882254D4503005FFB51 /* NavigationStackTests */,
				268038AF254D4578005FFB51 /* SwiftFormat */,
			);
		};
/* End PBXProject section */

/* Begin PBXResourcesBuildPhase section */
		2680385A254D4275005FFB51 /* Resources */ = {
			isa = PBXResourcesBuildPhase;
			buildActionMask = 2147483647;
			files = (
				2615D583256A79A70009A477 /* Assets.xcassets in Resources */,
				2615D585256A79A70009A477 /* Preview Assets.xcassets in Resources */,
				2615D584256A79A70009A477 /* LaunchScreen.storyboard in Resources */,
			);
			runOnlyForDeploymentPostprocessing = 0;
		};
		26803879254D4503005FFB51 /* Resources */ = {
			isa = PBXResourcesBuildPhase;
			buildActionMask = 2147483647;
			files = (
			);
			runOnlyForDeploymentPostprocessing = 0;
		};
		26803881254D4503005FFB51 /* Resources */ = {
			isa = PBXResourcesBuildPhase;
			buildActionMask = 2147483647;
			files = (
			);
			runOnlyForDeploymentPostprocessing = 0;
		};
		2680389D254D4563005FFB51 /* Resources */ = {
			isa = PBXResourcesBuildPhase;
			buildActionMask = 2147483647;
			files = (
			);
			runOnlyForDeploymentPostprocessing = 0;
		};
/* End PBXResourcesBuildPhase section */

/* Begin PBXShellScriptBuildPhase section */
		26133F5D2557EEAE0099D3E6 /* Extract Swift Version Number */ = {
			isa = PBXShellScriptBuildPhase;
			buildActionMask = 2147483647;
			files = (
			);
			inputFileListPaths = (
			);
			inputPaths = (
			);
			name = "Extract Swift Version Number";
			outputFileListPaths = (
			);
			outputPaths = (
			);
			runOnlyForDeploymentPostprocessing = 0;
			shellPath = /bin/sh;
			shellScript = ". Scripts/extractSwiftVersion.sh\n";
		};
		268038D5254D4C7C005FFB51 /* Install GitHooks */ = {
			isa = PBXShellScriptBuildPhase;
			buildActionMask = 2147483647;
			files = (
			);
			inputFileListPaths = (
			);
			inputPaths = (
			);
			name = "Install GitHooks";
			outputFileListPaths = (
			);
			outputPaths = (
			);
			runOnlyForDeploymentPostprocessing = 0;
			shellPath = /bin/sh;
			shellScript = "cd Scripts\n. copyGitHooks.sh\ncd ..\n";
		};
		268038D6254D4C88005FFB51 /* Install GitHooks */ = {
			isa = PBXShellScriptBuildPhase;
			buildActionMask = 2147483647;
			files = (
			);
			inputFileListPaths = (
			);
			inputPaths = (
			);
			name = "Install GitHooks";
			outputFileListPaths = (
			);
			outputPaths = (
			);
			runOnlyForDeploymentPostprocessing = 0;
			shellPath = /bin/sh;
			shellScript = "cd Scripts\n. copyGitHooks.sh\ncd ..\n";
		};
		268038D7254D4CC1005FFB51 /* SwiftLint */ = {
			isa = PBXShellScriptBuildPhase;
			buildActionMask = 2147483647;
			files = (
			);
			inputFileListPaths = (
			);
			inputPaths = (
			);
			name = SwiftLint;
			outputFileListPaths = (
			);
			outputPaths = (
			);
			runOnlyForDeploymentPostprocessing = 0;
			shellPath = /bin/sh;
			shellScript = "\"${PODS_ROOT}/SwiftLint/swiftlint\" lint --path \"Sources/NavigationStackExample\" --config \".swiftlint.yml\"\n";
		};
		268038D8254D4CF0005FFB51 /* SwiftLint */ = {
			isa = PBXShellScriptBuildPhase;
			buildActionMask = 2147483647;
			files = (
			);
			inputFileListPaths = (
			);
			inputPaths = (
			);
			name = SwiftLint;
			outputFileListPaths = (
			);
			outputPaths = (
			);
			runOnlyForDeploymentPostprocessing = 0;
			shellPath = /bin/sh;
			shellScript = "\"${PODS_ROOT}/SwiftLint/swiftlint\" lint --path \"Sources/NavigationStack\" --config \".swiftlint.yml\"\n";
		};
		268038D9254D4D24005FFB51 /* SwiftFormat */ = {
			isa = PBXShellScriptBuildPhase;
			buildActionMask = 2147483647;
			files = (
			);
			inputFileListPaths = (
			);
			inputPaths = (
			);
			name = SwiftFormat;
			outputFileListPaths = (
			);
			outputPaths = (
			);
			runOnlyForDeploymentPostprocessing = 0;
			shellPath = /bin/sh;
			shellScript = ". Scripts/swiftFormatCodePaths.sh\n\"Pods/SwiftFormat/CommandLineTool/swiftformat\" ${swiftFormatCodePaths[*]}\n";
		};
		6C77AD80C335F2AFD38AEFA9 /* [CP] Check Pods Manifest.lock */ = {
			isa = PBXShellScriptBuildPhase;
			buildActionMask = 2147483647;
			files = (
			);
			inputFileListPaths = (
			);
			inputPaths = (
				"${PODS_PODFILE_DIR_PATH}/Podfile.lock",
				"${PODS_ROOT}/Manifest.lock",
			);
			name = "[CP] Check Pods Manifest.lock";
			outputFileListPaths = (
			);
			outputPaths = (
				"$(DERIVED_FILE_DIR)/Pods-NavigationStackExample-checkManifestLockResult.txt",
			);
			runOnlyForDeploymentPostprocessing = 0;
			shellPath = /bin/sh;
			shellScript = "diff \"${PODS_PODFILE_DIR_PATH}/Podfile.lock\" \"${PODS_ROOT}/Manifest.lock\" > /dev/null\nif [ $? != 0 ] ; then\n    # print error to STDERR\n    echo \"error: The sandbox is not in sync with the Podfile.lock. Run 'pod install' or update your CocoaPods installation.\" >&2\n    exit 1\nfi\n# This output is used by Xcode 'outputs' to avoid re-running this script phase.\necho \"SUCCESS\" > \"${SCRIPT_OUTPUT_FILE_0}\"\n";
			showEnvVarsInLog = 0;
		};
		8B4B9AEFE5B0BCEE1E16A76E /* [CP] Check Pods Manifest.lock */ = {
			isa = PBXShellScriptBuildPhase;
			buildActionMask = 2147483647;
			files = (
			);
			inputFileListPaths = (
			);
			inputPaths = (
				"${PODS_PODFILE_DIR_PATH}/Podfile.lock",
				"${PODS_ROOT}/Manifest.lock",
			);
			name = "[CP] Check Pods Manifest.lock";
			outputFileListPaths = (
			);
			outputPaths = (
				"$(DERIVED_FILE_DIR)/Pods-NavigationStack-checkManifestLockResult.txt",
			);
			runOnlyForDeploymentPostprocessing = 0;
			shellPath = /bin/sh;
			shellScript = "diff \"${PODS_PODFILE_DIR_PATH}/Podfile.lock\" \"${PODS_ROOT}/Manifest.lock\" > /dev/null\nif [ $? != 0 ] ; then\n    # print error to STDERR\n    echo \"error: The sandbox is not in sync with the Podfile.lock. Run 'pod install' or update your CocoaPods installation.\" >&2\n    exit 1\nfi\n# This output is used by Xcode 'outputs' to avoid re-running this script phase.\necho \"SUCCESS\" > \"${SCRIPT_OUTPUT_FILE_0}\"\n";
			showEnvVarsInLog = 0;
		};
/* End PBXShellScriptBuildPhase section */

/* Begin PBXSourcesBuildPhase section */
		26803858254D4275005FFB51 /* Sources */ = {
			isa = PBXSourcesBuildPhase;
			buildActionMask = 2147483647;
			files = (
				2615D58C256A79A70009A477 /* DismissTopContentButton.swift in Sources */,
				2615D58B256A79A70009A477 /* ContentView2.swift in Sources */,
				2615D58D256A79A70009A477 /* AppDelegate.swift in Sources */,
				2615D587256A79A70009A477 /* ContentView3.swift in Sources */,
				2615D586256A79A70009A477 /* ContentView1.swift in Sources */,
				2615D57C256A79A70009A477 /* Experiment5.swift in Sources */,
				2615D589256A79A70009A477 /* ContentView4.swift in Sources */,
				2615D579256A79A70009A477 /* Experiment9.swift in Sources */,
				2615D588256A79A70009A477 /* SubviewExamples.swift in Sources */,
				2615D57E256A79A70009A477 /* Experiment0.swift in Sources */,
				2615D57D256A79A70009A477 /* Experiment7.swift in Sources */,
				2615D580256A79A70009A477 /* Commons.swift in Sources */,
				2615D581256A79A70009A477 /* Experiment6.swift in Sources */,
				2615D582256A79A70009A477 /* Experiment4.swift in Sources */,
				26E08D10267BBE6E00E7E69E /* Experiment11.swift in Sources */,
				2615D578256A79A70009A477 /* Experiment8.swift in Sources */,
				264CA81B262194B900F3178D /* Experiment10.swift in Sources */,
				2615D58E256A79A70009A477 /* SceneDelegate.swift in Sources */,
				2615D57B256A79A70009A477 /* Experiment1.swift in Sources */,
				2615D58A256A79A70009A477 /* TransitionExamples.swift in Sources */,
				2615D57A256A79A70009A477 /* Experiment3.swift in Sources */,
				2615D57F256A79A70009A477 /* Experiment2.swift in Sources */,
				260710FC2675EC2000BA3047 /* OnDidAppearExample.swift in Sources */,
			);
			runOnlyForDeploymentPostprocessing = 0;
		};
		26803877254D4503005FFB51 /* Sources */ = {
			isa = PBXSourcesBuildPhase;
			buildActionMask = 2147483647;
			files = (
				2615D541256A798C0009A477 /* NavigationAnimation.swift in Sources */,
				2615D543256A798C0009A477 /* NavigationStackView.swift in Sources */,
				2615D551256A79930009A477 /* HueRotation.swift in Sources */,
				2615D552256A79930009A477 /* Static.swift in Sources */,
				2615D54F256A79930009A477 /* Blur.swift in Sources */,
				2640286D25B04BD100BCF0C3 /* RectangleShape.swift in Sources */,
				26CF0D94265036C70037DE6D /* OnAnimationCompleted.swift in Sources */,
				2640288325B04CBE00BCF0C3 /* CircleShape.swift in Sources */,
				2615D54E256A79930009A477 /* Saturation.swift in Sources */,
				26CF0D96265180250037DE6D /* NavigationViewLifecycleActionWrapper.swift in Sources */,
				2615D53F256A798C0009A477 /* NavigationAnimations.swift in Sources */,
				2640287725B04BFA00BCF0C3 /* StripesShape.swift in Sources */,
				2615D553256A79930009A477 /* Contrast.swift in Sources */,
				2615D542256A798C0009A477 /* NavigationStackModel.swift in Sources */,
				26CF0D9226501FA30037DE6D /* OnDidAppear.swift in Sources */,
				2615D53E256A798C0009A477 /* Types.swift in Sources */,
				2640287D25B04C1E00BCF0C3 /* ClipShapeModifier.swift in Sources */,
				2615D554256A79930009A477 /* Brightness.swift in Sources */,
				2615D544256A798C0009A477 /* NavigationStackModelConvenienceMethods.swift in Sources */,
				2615D54D256A79930009A477 /* TiltAndFly.swift in Sources */,
				2615D540256A798C0009A477 /* NavigationStackNode.swift in Sources */,
			);
			runOnlyForDeploymentPostprocessing = 0;
		};
		2680387F254D4503005FFB51 /* Sources */ = {
			isa = PBXSourcesBuildPhase;
			buildActionMask = 2147483647;
			files = (
				2615D5C9256A79F10009A477 /* NavigationStackNodeInitTests.swift in Sources */,
				2615D5C6256A79F10009A477 /* NavigationStackNodeGetLeafNodeTests.swift in Sources */,
				2615D5BF256A79F10009A477 /* NavigationModelInitTests.swift in Sources */,
				263FA92625718E8800C802DF /* NavigationModelConvenienceMethodsTests.swift in Sources */,
				2615D5C8256A79F10009A477 /* NavigationStackNodeGetNodeTests.swift in Sources */,
				2615D5C1256A79F10009A477 /* NavigationModelPublishedTests.swift in Sources */,
				2615D5C0256A79F10009A477 /* NavigationModelStateTests.swift in Sources */,
				263FA9302571925F00C802DF /* NavigationModelStub.swift in Sources */,
				2615D5C3256A79F10009A477 /* NavigationAnimationInitTests.swift in Sources */,
				2615D5C2256A79F10009A477 /* NavigationModelStackViewCallTests.swift in Sources */,
				2615D5C7256A79F10009A477 /* NavigationStackNodePublishedTests.swift in Sources */,
				2615D5C4256A79F10009A477 /* NavigationStackViewInitTests.swift in Sources */,
			);
			runOnlyForDeploymentPostprocessing = 0;
		};
		2680389B254D4563005FFB51 /* Sources */ = {
			isa = PBXSourcesBuildPhase;
			buildActionMask = 2147483647;
			files = (
				260710F92675E88D00BA3047 /* OnDidAppearTests.swift in Sources */,
				2615D5DE256A7A230009A477 /* ExperimentTests.swift in Sources */,
				2615D5DB256A7A230009A477 /* ContentViewTests.swift in Sources */,
				260710FE26766A2600BA3047 /* Experiment10Tests.swift in Sources */,
				2615D5DD256A7A230009A477 /* SubviewExampleTests.swift in Sources */,
				2615D5DC256A7A230009A477 /* TransitionExampleTests.swift in Sources */,
				26159051263EABF80089794D /* XCTestCaseExtensions.swift in Sources */,
			);
			runOnlyForDeploymentPostprocessing = 0;
		};
/* End PBXSourcesBuildPhase section */

/* Begin PBXTargetDependency section */
		26803886254D4503005FFB51 /* PBXTargetDependency */ = {
			isa = PBXTargetDependency;
			target = 2680387A254D4503005FFB51 /* NavigationStack */;
			targetProxy = 26803885254D4503005FFB51 /* PBXContainerItemProxy */;
		};
		2680388F254D4503005FFB51 /* PBXTargetDependency */ = {
			isa = PBXTargetDependency;
			target = 2680387A254D4503005FFB51 /* NavigationStack */;
			targetProxy = 2680388E254D4503005FFB51 /* PBXContainerItemProxy */;
		};
		268038A5254D4563005FFB51 /* PBXTargetDependency */ = {
			isa = PBXTargetDependency;
			target = 2680385B254D4275005FFB51 /* NavigationStackExample */;
			targetProxy = 268038A4254D4563005FFB51 /* PBXContainerItemProxy */;
		};
/* End PBXTargetDependency section */

/* Begin PBXVariantGroup section */
		2615D569256A79A70009A477 /* LaunchScreen.storyboard */ = {
			isa = PBXVariantGroup;
			children = (
				2615D56A256A79A70009A477 /* Base */,
			);
			name = LaunchScreen.storyboard;
			sourceTree = "<group>";
		};
/* End PBXVariantGroup section */

/* Begin XCBuildConfiguration section */
		2680386E254D4278005FFB51 /* Debug */ = {
			isa = XCBuildConfiguration;
			buildSettings = {
				ALWAYS_SEARCH_USER_PATHS = NO;
				CLANG_ANALYZER_NONNULL = YES;
				CLANG_ANALYZER_NUMBER_OBJECT_CONVERSION = YES_AGGRESSIVE;
				CLANG_CXX_LANGUAGE_STANDARD = "gnu++14";
				CLANG_CXX_LIBRARY = "libc++";
				CLANG_ENABLE_MODULES = YES;
				CLANG_ENABLE_OBJC_ARC = YES;
				CLANG_ENABLE_OBJC_WEAK = YES;
				CLANG_WARN_BLOCK_CAPTURE_AUTORELEASING = YES;
				CLANG_WARN_BOOL_CONVERSION = YES;
				CLANG_WARN_COMMA = YES;
				CLANG_WARN_CONSTANT_CONVERSION = YES;
				CLANG_WARN_DEPRECATED_OBJC_IMPLEMENTATIONS = YES;
				CLANG_WARN_DIRECT_OBJC_ISA_USAGE = YES_ERROR;
				CLANG_WARN_DOCUMENTATION_COMMENTS = YES;
				CLANG_WARN_EMPTY_BODY = YES;
				CLANG_WARN_ENUM_CONVERSION = YES;
				CLANG_WARN_INFINITE_RECURSION = YES;
				CLANG_WARN_INT_CONVERSION = YES;
				CLANG_WARN_NON_LITERAL_NULL_CONVERSION = YES;
				CLANG_WARN_OBJC_IMPLICIT_RETAIN_SELF = YES;
				CLANG_WARN_OBJC_LITERAL_CONVERSION = YES;
				CLANG_WARN_OBJC_ROOT_CLASS = YES_ERROR;
				CLANG_WARN_QUOTED_INCLUDE_IN_FRAMEWORK_HEADER = YES;
				CLANG_WARN_RANGE_LOOP_ANALYSIS = YES;
				CLANG_WARN_STRICT_PROTOTYPES = YES;
				CLANG_WARN_SUSPICIOUS_MOVE = YES;
				CLANG_WARN_UNGUARDED_AVAILABILITY = YES_AGGRESSIVE;
				CLANG_WARN_UNREACHABLE_CODE = YES;
				CLANG_WARN__DUPLICATE_METHOD_MATCH = YES;
				COPY_PHASE_STRIP = NO;
				DEBUG_INFORMATION_FORMAT = dwarf;
				ENABLE_STRICT_OBJC_MSGSEND = YES;
				ENABLE_TESTABILITY = YES;
				GCC_C_LANGUAGE_STANDARD = gnu11;
				GCC_DYNAMIC_NO_PIC = NO;
				GCC_NO_COMMON_BLOCKS = YES;
				GCC_OPTIMIZATION_LEVEL = 0;
				GCC_PREPROCESSOR_DEFINITIONS = (
					"DEBUG=1",
					"$(inherited)",
				);
				GCC_WARN_64_TO_32_BIT_CONVERSION = YES;
				GCC_WARN_ABOUT_RETURN_TYPE = YES_ERROR;
				GCC_WARN_UNDECLARED_SELECTOR = YES;
				GCC_WARN_UNINITIALIZED_AUTOS = YES_AGGRESSIVE;
				GCC_WARN_UNUSED_FUNCTION = YES;
				GCC_WARN_UNUSED_VARIABLE = YES;
				IPHONEOS_DEPLOYMENT_TARGET = 13.0;
				MTL_ENABLE_DEBUG_INFO = INCLUDE_SOURCE;
				MTL_FAST_MATH = YES;
				ONLY_ACTIVE_ARCH = YES;
				SDKROOT = iphoneos;
				SWIFT_ACTIVE_COMPILATION_CONDITIONS = DEBUG;
				SWIFT_OPTIMIZATION_LEVEL = "-Onone";
			};
			name = Debug;
		};
		2680386F254D4278005FFB51 /* Release */ = {
			isa = XCBuildConfiguration;
			buildSettings = {
				ALWAYS_SEARCH_USER_PATHS = NO;
				CLANG_ANALYZER_NONNULL = YES;
				CLANG_ANALYZER_NUMBER_OBJECT_CONVERSION = YES_AGGRESSIVE;
				CLANG_CXX_LANGUAGE_STANDARD = "gnu++14";
				CLANG_CXX_LIBRARY = "libc++";
				CLANG_ENABLE_MODULES = YES;
				CLANG_ENABLE_OBJC_ARC = YES;
				CLANG_ENABLE_OBJC_WEAK = YES;
				CLANG_WARN_BLOCK_CAPTURE_AUTORELEASING = YES;
				CLANG_WARN_BOOL_CONVERSION = YES;
				CLANG_WARN_COMMA = YES;
				CLANG_WARN_CONSTANT_CONVERSION = YES;
				CLANG_WARN_DEPRECATED_OBJC_IMPLEMENTATIONS = YES;
				CLANG_WARN_DIRECT_OBJC_ISA_USAGE = YES_ERROR;
				CLANG_WARN_DOCUMENTATION_COMMENTS = YES;
				CLANG_WARN_EMPTY_BODY = YES;
				CLANG_WARN_ENUM_CONVERSION = YES;
				CLANG_WARN_INFINITE_RECURSION = YES;
				CLANG_WARN_INT_CONVERSION = YES;
				CLANG_WARN_NON_LITERAL_NULL_CONVERSION = YES;
				CLANG_WARN_OBJC_IMPLICIT_RETAIN_SELF = YES;
				CLANG_WARN_OBJC_LITERAL_CONVERSION = YES;
				CLANG_WARN_OBJC_ROOT_CLASS = YES_ERROR;
				CLANG_WARN_QUOTED_INCLUDE_IN_FRAMEWORK_HEADER = YES;
				CLANG_WARN_RANGE_LOOP_ANALYSIS = YES;
				CLANG_WARN_STRICT_PROTOTYPES = YES;
				CLANG_WARN_SUSPICIOUS_MOVE = YES;
				CLANG_WARN_UNGUARDED_AVAILABILITY = YES_AGGRESSIVE;
				CLANG_WARN_UNREACHABLE_CODE = YES;
				CLANG_WARN__DUPLICATE_METHOD_MATCH = YES;
				COPY_PHASE_STRIP = NO;
				DEBUG_INFORMATION_FORMAT = "dwarf-with-dsym";
				ENABLE_NS_ASSERTIONS = NO;
				ENABLE_STRICT_OBJC_MSGSEND = YES;
				GCC_C_LANGUAGE_STANDARD = gnu11;
				GCC_NO_COMMON_BLOCKS = YES;
				GCC_WARN_64_TO_32_BIT_CONVERSION = YES;
				GCC_WARN_ABOUT_RETURN_TYPE = YES_ERROR;
				GCC_WARN_UNDECLARED_SELECTOR = YES;
				GCC_WARN_UNINITIALIZED_AUTOS = YES_AGGRESSIVE;
				GCC_WARN_UNUSED_FUNCTION = YES;
				GCC_WARN_UNUSED_VARIABLE = YES;
				IPHONEOS_DEPLOYMENT_TARGET = 13.0;
				MTL_ENABLE_DEBUG_INFO = NO;
				MTL_FAST_MATH = YES;
				SDKROOT = iphoneos;
				SWIFT_COMPILATION_MODE = wholemodule;
				SWIFT_OPTIMIZATION_LEVEL = "-O";
				VALIDATE_PRODUCT = YES;
			};
			name = Release;
		};
		26803871254D4278005FFB51 /* Debug */ = {
			isa = XCBuildConfiguration;
			baseConfigurationReference = C11291D6265F9E8BEC7E3099 /* Pods-NavigationStackExample.debug.xcconfig */;
			buildSettings = {
				ALWAYS_EMBED_SWIFT_STANDARD_LIBRARIES = YES;
				ASSETCATALOG_COMPILER_APPICON_NAME = AppIcon;
				ASSETCATALOG_COMPILER_GLOBAL_ACCENT_COLOR_NAME = AccentColor;
				CODE_SIGN_IDENTITY = "Apple Development";
				CODE_SIGN_STYLE = Automatic;
				DEVELOPMENT_ASSET_PATHS = "\"Sources/NavigationStackExample/Preview Content\"";
				DEVELOPMENT_TEAM = H6T8HJZGHY;
				ENABLE_PREVIEWS = YES;
				INFOPLIST_FILE = Config/NavigationStackExample/Info.plist;
				LD_RUNPATH_SEARCH_PATHS = (
					"$(inherited)",
					"@executable_path/Frameworks",
				);
				PRODUCT_BUNDLE_IDENTIFIER = "com.indie-software.NavigationStackExample";
				PRODUCT_NAME = "$(TARGET_NAME)";
				PROVISIONING_PROFILE_SPECIFIER = "";
				SWIFT_VERSION = 5.0;
				TARGETED_DEVICE_FAMILY = "1,2";
			};
			name = Debug;
		};
		26803872254D4278005FFB51 /* Release */ = {
			isa = XCBuildConfiguration;
			baseConfigurationReference = 76E7F27EF3D92D75A15CC08D /* Pods-NavigationStackExample.release.xcconfig */;
			buildSettings = {
				ALWAYS_EMBED_SWIFT_STANDARD_LIBRARIES = YES;
				ASSETCATALOG_COMPILER_APPICON_NAME = AppIcon;
				ASSETCATALOG_COMPILER_GLOBAL_ACCENT_COLOR_NAME = AccentColor;
				CODE_SIGN_IDENTITY = "Apple Development";
				CODE_SIGN_STYLE = Automatic;
				DEVELOPMENT_ASSET_PATHS = "\"Sources/NavigationStackExample/Preview Content\"";
				DEVELOPMENT_TEAM = H6T8HJZGHY;
				ENABLE_PREVIEWS = YES;
				INFOPLIST_FILE = Config/NavigationStackExample/Info.plist;
				LD_RUNPATH_SEARCH_PATHS = (
					"$(inherited)",
					"@executable_path/Frameworks",
				);
				PRODUCT_BUNDLE_IDENTIFIER = "com.indie-software.NavigationStackExample";
				PRODUCT_NAME = "$(TARGET_NAME)";
				PROVISIONING_PROFILE_SPECIFIER = "";
				SWIFT_VERSION = 5.0;
				TARGETED_DEVICE_FAMILY = "1,2";
			};
			name = Release;
		};
		26803893254D4503005FFB51 /* Debug */ = {
			isa = XCBuildConfiguration;
			baseConfigurationReference = 15FEB35912AAD71834C8AD29 /* Pods-NavigationStack.debug.xcconfig */;
			buildSettings = {
				APPLICATION_EXTENSION_API_ONLY = YES;
				CLANG_ENABLE_MODULES = YES;
				CODE_SIGN_IDENTITY = "";
				CODE_SIGN_STYLE = Automatic;
				CURRENT_PROJECT_VERSION = 12;
				DEFINES_MODULE = YES;
				DEVELOPMENT_TEAM = H6T8HJZGHY;
				DYLIB_COMPATIBILITY_VERSION = "$(DYLIB_CURRENT_VERSION)";
				DYLIB_CURRENT_VERSION = 12;
				DYLIB_INSTALL_NAME_BASE = "@rpath";
				INFOPLIST_FILE = Config/NavigationStack/Info.plist;
				INSTALL_PATH = "$(LOCAL_LIBRARY_DIR)/Frameworks";
				LD_RUNPATH_SEARCH_PATHS = (
					"$(inherited)",
					"@executable_path/Frameworks",
					"@loader_path/Frameworks",
				);
				PRODUCT_BUNDLE_IDENTIFIER = "com.indie-software.NavigationStack";
				PRODUCT_NAME = "$(TARGET_NAME:c99extidentifier)";
				PROVISIONING_PROFILE_SPECIFIER = "";
				SKIP_INSTALL = YES;
				SUPPORTS_MACCATALYST = YES;
				SWIFT_OPTIMIZATION_LEVEL = "-Onone";
				SWIFT_VERSION = 5.0;
				TARGETED_DEVICE_FAMILY = "1,2";
				VERSIONING_SYSTEM = "apple-generic";
				VERSION_INFO_PREFIX = "";
			};
			name = Debug;
		};
		26803894254D4503005FFB51 /* Release */ = {
			isa = XCBuildConfiguration;
			baseConfigurationReference = B087A28FFFD0AFC62F157F04 /* Pods-NavigationStack.release.xcconfig */;
			buildSettings = {
				APPLICATION_EXTENSION_API_ONLY = YES;
				CLANG_ENABLE_MODULES = YES;
				CODE_SIGN_IDENTITY = "";
				CODE_SIGN_STYLE = Automatic;
				CURRENT_PROJECT_VERSION = 12;
				DEFINES_MODULE = YES;
				DEVELOPMENT_TEAM = H6T8HJZGHY;
				DYLIB_COMPATIBILITY_VERSION = "$(DYLIB_CURRENT_VERSION)";
				DYLIB_CURRENT_VERSION = 12;
				DYLIB_INSTALL_NAME_BASE = "@rpath";
				INFOPLIST_FILE = Config/NavigationStack/Info.plist;
				INSTALL_PATH = "$(LOCAL_LIBRARY_DIR)/Frameworks";
				LD_RUNPATH_SEARCH_PATHS = (
					"$(inherited)",
					"@executable_path/Frameworks",
					"@loader_path/Frameworks",
				);
				PRODUCT_BUNDLE_IDENTIFIER = "com.indie-software.NavigationStack";
				PRODUCT_NAME = "$(TARGET_NAME:c99extidentifier)";
				PROVISIONING_PROFILE_SPECIFIER = "";
				SKIP_INSTALL = YES;
				SUPPORTS_MACCATALYST = YES;
				SWIFT_VERSION = 5.0;
				TARGETED_DEVICE_FAMILY = "1,2";
				VERSIONING_SYSTEM = "apple-generic";
				VERSION_INFO_PREFIX = "";
			};
			name = Release;
		};
		26803897254D4503005FFB51 /* Debug */ = {
			isa = XCBuildConfiguration;
			buildSettings = {
				ALWAYS_EMBED_SWIFT_STANDARD_LIBRARIES = YES;
				CODE_SIGN_STYLE = Automatic;
				DEVELOPMENT_TEAM = H6T8HJZGHY;
				INFOPLIST_FILE = Config/NavigationStackTests/Info.plist;
				LD_RUNPATH_SEARCH_PATHS = (
					"$(inherited)",
					"@executable_path/Frameworks",
					"@loader_path/Frameworks",
				);
				PRODUCT_BUNDLE_IDENTIFIER = "com.indie-software.NavigationStackTests";
				PRODUCT_NAME = "$(TARGET_NAME)";
				SWIFT_VERSION = 5.0;
				TARGETED_DEVICE_FAMILY = "1,2";
			};
			name = Debug;
		};
		26803898254D4503005FFB51 /* Release */ = {
			isa = XCBuildConfiguration;
			buildSettings = {
				ALWAYS_EMBED_SWIFT_STANDARD_LIBRARIES = YES;
				CODE_SIGN_STYLE = Automatic;
				DEVELOPMENT_TEAM = H6T8HJZGHY;
				INFOPLIST_FILE = Config/NavigationStackTests/Info.plist;
				LD_RUNPATH_SEARCH_PATHS = (
					"$(inherited)",
					"@executable_path/Frameworks",
					"@loader_path/Frameworks",
				);
				PRODUCT_BUNDLE_IDENTIFIER = "com.indie-software.NavigationStackTests";
				PRODUCT_NAME = "$(TARGET_NAME)";
				SWIFT_VERSION = 5.0;
				TARGETED_DEVICE_FAMILY = "1,2";
			};
			name = Release;
		};
		268038A7254D4563005FFB51 /* Debug */ = {
			isa = XCBuildConfiguration;
			buildSettings = {
				ALWAYS_EMBED_SWIFT_STANDARD_LIBRARIES = YES;
				CLANG_ENABLE_MODULES = YES;
				CODE_SIGN_STYLE = Automatic;
				DEVELOPMENT_TEAM = H6T8HJZGHY;
				INFOPLIST_FILE = Config/NavigationStackExampleUITests/Info.plist;
				LD_RUNPATH_SEARCH_PATHS = (
					"$(inherited)",
					"@executable_path/Frameworks",
					"@loader_path/Frameworks",
				);
				PRODUCT_BUNDLE_IDENTIFIER = "com.indie-software.NavigationStackExampleUITests";
				PRODUCT_NAME = "$(TARGET_NAME)";
				SWIFT_OPTIMIZATION_LEVEL = "-Onone";
				SWIFT_VERSION = 5.0;
				TARGETED_DEVICE_FAMILY = "1,2";
				TEST_TARGET_NAME = NavigationStackExample;
			};
			name = Debug;
		};
		268038A8254D4563005FFB51 /* Release */ = {
			isa = XCBuildConfiguration;
			buildSettings = {
				ALWAYS_EMBED_SWIFT_STANDARD_LIBRARIES = YES;
				CLANG_ENABLE_MODULES = YES;
				CODE_SIGN_STYLE = Automatic;
				DEVELOPMENT_TEAM = H6T8HJZGHY;
				INFOPLIST_FILE = Config/NavigationStackExampleUITests/Info.plist;
				LD_RUNPATH_SEARCH_PATHS = (
					"$(inherited)",
					"@executable_path/Frameworks",
					"@loader_path/Frameworks",
				);
				PRODUCT_BUNDLE_IDENTIFIER = "com.indie-software.NavigationStackExampleUITests";
				PRODUCT_NAME = "$(TARGET_NAME)";
				SWIFT_VERSION = 5.0;
				TARGETED_DEVICE_FAMILY = "1,2";
				TEST_TARGET_NAME = NavigationStackExample;
			};
			name = Release;
		};
		268038B1254D4578005FFB51 /* Debug */ = {
			isa = XCBuildConfiguration;
			buildSettings = {
				CODE_SIGN_STYLE = Automatic;
				DEVELOPMENT_TEAM = H6T8HJZGHY;
				PRODUCT_NAME = "$(TARGET_NAME)";
			};
			name = Debug;
		};
		268038B2254D4578005FFB51 /* Release */ = {
			isa = XCBuildConfiguration;
			buildSettings = {
				CODE_SIGN_STYLE = Automatic;
				DEVELOPMENT_TEAM = H6T8HJZGHY;
				PRODUCT_NAME = "$(TARGET_NAME)";
			};
			name = Release;
		};
/* End XCBuildConfiguration section */

/* Begin XCConfigurationList section */
		26803857254D4275005FFB51 /* Build configuration list for PBXProject "NavigationStack" */ = {
			isa = XCConfigurationList;
			buildConfigurations = (
				2680386E254D4278005FFB51 /* Debug */,
				2680386F254D4278005FFB51 /* Release */,
			);
			defaultConfigurationIsVisible = 0;
			defaultConfigurationName = Release;
		};
		26803870254D4278005FFB51 /* Build configuration list for PBXNativeTarget "NavigationStackExample" */ = {
			isa = XCConfigurationList;
			buildConfigurations = (
				26803871254D4278005FFB51 /* Debug */,
				26803872254D4278005FFB51 /* Release */,
			);
			defaultConfigurationIsVisible = 0;
			defaultConfigurationName = Release;
		};
		26803892254D4503005FFB51 /* Build configuration list for PBXNativeTarget "NavigationStack" */ = {
			isa = XCConfigurationList;
			buildConfigurations = (
				26803893254D4503005FFB51 /* Debug */,
				26803894254D4503005FFB51 /* Release */,
			);
			defaultConfigurationIsVisible = 0;
			defaultConfigurationName = Release;
		};
		26803896254D4503005FFB51 /* Build configuration list for PBXNativeTarget "NavigationStackTests" */ = {
			isa = XCConfigurationList;
			buildConfigurations = (
				26803897254D4503005FFB51 /* Debug */,
				26803898254D4503005FFB51 /* Release */,
			);
			defaultConfigurationIsVisible = 0;
			defaultConfigurationName = Release;
		};
		268038A6254D4563005FFB51 /* Build configuration list for PBXNativeTarget "NavigationStackExampleUITests" */ = {
			isa = XCConfigurationList;
			buildConfigurations = (
				268038A7254D4563005FFB51 /* Debug */,
				268038A8254D4563005FFB51 /* Release */,
			);
			defaultConfigurationIsVisible = 0;
			defaultConfigurationName = Release;
		};
		268038B0254D4578005FFB51 /* Build configuration list for PBXAggregateTarget "SwiftFormat" */ = {
			isa = XCConfigurationList;
			buildConfigurations = (
				268038B1254D4578005FFB51 /* Debug */,
				268038B2254D4578005FFB51 /* Release */,
			);
			defaultConfigurationIsVisible = 0;
			defaultConfigurationName = Release;
		};
/* End XCConfigurationList section */
	};
	rootObject = 26803854254D4275005FFB51 /* Project object */;
}
