// !$*UTF8*$!
{
	archiveVersion = 1;
	classes = {
	};
	objectVersion = 50;
	objects = {

/* Begin PBXAggregateTarget section */
		268038AF254D4578005FFB51 /* SwiftFormat */ = {
			isa = PBXAggregateTarget;
			buildConfigurationList = 268038B0254D4578005FFB51 /* Build configuration list for PBXAggregateTarget "SwiftFormat" */;
			buildPhases = (
				26133F5D2557EEAE0099D3E6 /* Extract Swift Version Number */,
				268038D9254D4D24005FFB51 /* SwiftFormat */,
			);
			dependencies = (
			);
			name = SwiftFormat;
			productName = SwiftFormat;
		};
/* End PBXAggregateTarget section */

/* Begin PBXBuildFile section */
		1ADA47D86BBE42A3C1279A65 /* Pods_NavigationStack.framework in Frameworks */ = {isa = PBXBuildFile; fileRef = 428938A0AA561D3C1E8DDA17 /* Pods_NavigationStack.framework */; };
		26803860254D4275005FFB51 /* AppDelegate.swift in Sources */ = {isa = PBXBuildFile; fileRef = 2680385F254D4275005FFB51 /* AppDelegate.swift */; };
		26803862254D4275005FFB51 /* SceneDelegate.swift in Sources */ = {isa = PBXBuildFile; fileRef = 26803861254D4275005FFB51 /* SceneDelegate.swift */; };
		26803866254D4278005FFB51 /* Assets.xcassets in Resources */ = {isa = PBXBuildFile; fileRef = 26803865254D4278005FFB51 /* Assets.xcassets */; };
		26803869254D4278005FFB51 /* Preview Assets.xcassets in Resources */ = {isa = PBXBuildFile; fileRef = 26803868254D4278005FFB51 /* Preview Assets.xcassets */; };
		2680386C254D4278005FFB51 /* LaunchScreen.storyboard in Resources */ = {isa = PBXBuildFile; fileRef = 2680386A254D4278005FFB51 /* LaunchScreen.storyboard */; };
		26803884254D4503005FFB51 /* NavigationStack.framework in Frameworks */ = {isa = PBXBuildFile; fileRef = 2680387B254D4503005FFB51 /* NavigationStack.framework */; };
		2680388B254D4503005FFB51 /* NavigationStackTests.swift in Sources */ = {isa = PBXBuildFile; fileRef = 2680388A254D4503005FFB51 /* NavigationStackTests.swift */; };
		2680388D254D4503005FFB51 /* NavigationStack.h in Headers */ = {isa = PBXBuildFile; fileRef = 2680387D254D4503005FFB51 /* NavigationStack.h */; settings = {ATTRIBUTES = (Public, ); }; };
		26803890254D4503005FFB51 /* NavigationStack.framework in Frameworks */ = {isa = PBXBuildFile; fileRef = 2680387B254D4503005FFB51 /* NavigationStack.framework */; };
		26803891254D4503005FFB51 /* NavigationStack.framework in Embed Frameworks */ = {isa = PBXBuildFile; fileRef = 2680387B254D4503005FFB51 /* NavigationStack.framework */; settings = {ATTRIBUTES = (CodeSignOnCopy, RemoveHeadersOnCopy, ); }; };
		26803948254E10DE005FFB51 /* NavigationAnimation.swift in Sources */ = {isa = PBXBuildFile; fileRef = 2680393E254E10DE005FFB51 /* NavigationAnimation.swift */; };
		26803949254E10DE005FFB51 /* NavigationStackNode.swift in Sources */ = {isa = PBXBuildFile; fileRef = 2680393F254E10DE005FFB51 /* NavigationStackNode.swift */; };
		2680394A254E10DE005FFB51 /* Types.swift in Sources */ = {isa = PBXBuildFile; fileRef = 26803940254E10DE005FFB51 /* Types.swift */; };
		2680394B254E10DE005FFB51 /* NavigationStackView.swift in Sources */ = {isa = PBXBuildFile; fileRef = 26803941254E10DE005FFB51 /* NavigationStackView.swift */; };
		2680394C254E10DE005FFB51 /* Static.swift in Sources */ = {isa = PBXBuildFile; fileRef = 26803943254E10DE005FFB51 /* Static.swift */; };
		2680394D254E10DE005FFB51 /* Iris.swift in Sources */ = {isa = PBXBuildFile; fileRef = 26803944254E10DE005FFB51 /* Iris.swift */; };
		2680394E254E10DE005FFB51 /* Contrast.swift in Sources */ = {isa = PBXBuildFile; fileRef = 26803945254E10DE005FFB51 /* Contrast.swift */; };
		2680394F254E10DE005FFB51 /* NavigationModel.swift in Sources */ = {isa = PBXBuildFile; fileRef = 26803946254E10DE005FFB51 /* NavigationModel.swift */; };
		26803950254E10DE005FFB51 /* NavigationModelConvenienceMethods.swift in Sources */ = {isa = PBXBuildFile; fileRef = 26803947254E10DE005FFB51 /* NavigationModelConvenienceMethods.swift */; };
		2680398B254E1354005FFB51 /* NavigationAnimations.swift in Sources */ = {isa = PBXBuildFile; fileRef = 2680398A254E1354005FFB51 /* NavigationAnimations.swift */; };
		268039B2254E16C4005FFB51 /* ContentView1.swift in Sources */ = {isa = PBXBuildFile; fileRef = 2680399D254E16C4005FFB51 /* ContentView1.swift */; };
		268039B3254E16C4005FFB51 /* ContentView3.swift in Sources */ = {isa = PBXBuildFile; fileRef = 2680399E254E16C4005FFB51 /* ContentView3.swift */; };
		268039B4254E16C4005FFB51 /* SubviewExamples.swift in Sources */ = {isa = PBXBuildFile; fileRef = 2680399F254E16C4005FFB51 /* SubviewExamples.swift */; };
		268039B5254E16C4005FFB51 /* ContentView4.swift in Sources */ = {isa = PBXBuildFile; fileRef = 268039A0254E16C4005FFB51 /* ContentView4.swift */; };
		268039B6254E16C4005FFB51 /* TransitionExamples.swift in Sources */ = {isa = PBXBuildFile; fileRef = 268039A1254E16C4005FFB51 /* TransitionExamples.swift */; };
		268039B7254E16C4005FFB51 /* ContentView2.swift in Sources */ = {isa = PBXBuildFile; fileRef = 268039A2254E16C4005FFB51 /* ContentView2.swift */; };
		268039B8254E16C4005FFB51 /* DismissTopContentButton.swift in Sources */ = {isa = PBXBuildFile; fileRef = 268039A4254E16C4005FFB51 /* DismissTopContentButton.swift */; };
		268039B9254E16C4005FFB51 /* Experiment8.swift in Sources */ = {isa = PBXBuildFile; fileRef = 268039A6254E16C4005FFB51 /* Experiment8.swift */; };
		268039BA254E16C4005FFB51 /* Experiment9.swift in Sources */ = {isa = PBXBuildFile; fileRef = 268039A7254E16C4005FFB51 /* Experiment9.swift */; };
		268039BB254E16C4005FFB51 /* Experiment3.swift in Sources */ = {isa = PBXBuildFile; fileRef = 268039A8254E16C4005FFB51 /* Experiment3.swift */; };
		268039BC254E16C4005FFB51 /* Experiment1.swift in Sources */ = {isa = PBXBuildFile; fileRef = 268039A9254E16C4005FFB51 /* Experiment1.swift */; };
		268039BD254E16C4005FFB51 /* Experiment5.swift in Sources */ = {isa = PBXBuildFile; fileRef = 268039AA254E16C4005FFB51 /* Experiment5.swift */; };
		268039BE254E16C4005FFB51 /* Experiment7.swift in Sources */ = {isa = PBXBuildFile; fileRef = 268039AB254E16C4005FFB51 /* Experiment7.swift */; };
		268039BF254E16C4005FFB51 /* Experiment0.swift in Sources */ = {isa = PBXBuildFile; fileRef = 268039AC254E16C4005FFB51 /* Experiment0.swift */; };
		268039C0254E16C4005FFB51 /* Experiment2.swift in Sources */ = {isa = PBXBuildFile; fileRef = 268039AD254E16C4005FFB51 /* Experiment2.swift */; };
		268039C1254E16C4005FFB51 /* Commons.swift in Sources */ = {isa = PBXBuildFile; fileRef = 268039AF254E16C4005FFB51 /* Commons.swift */; };
		268039C2254E16C4005FFB51 /* Experiment6.swift in Sources */ = {isa = PBXBuildFile; fileRef = 268039B0254E16C4005FFB51 /* Experiment6.swift */; };
		268039C3254E16C4005FFB51 /* Experiment4.swift in Sources */ = {isa = PBXBuildFile; fileRef = 268039B1254E16C4005FFB51 /* Experiment4.swift */; };
		268039CE254E17B8005FFB51 /* ExperimentTests.swift in Sources */ = {isa = PBXBuildFile; fileRef = 268039CC254E17B8005FFB51 /* ExperimentTests.swift */; };
		268039CF254E17B8005FFB51 /* SubviewExampleTests.swift in Sources */ = {isa = PBXBuildFile; fileRef = 268039CD254E17B8005FFB51 /* SubviewExampleTests.swift */; };
		6364FD39926129A955D231DB /* Pods_NavigationStackExample.framework in Frameworks */ = {isa = PBXBuildFile; fileRef = 771420FE8C3240E2892674B1 /* Pods_NavigationStackExample.framework */; };
/* End PBXBuildFile section */

/* Begin PBXContainerItemProxy section */
		26803885254D4503005FFB51 /* PBXContainerItemProxy */ = {
			isa = PBXContainerItemProxy;
			containerPortal = 26803854254D4275005FFB51 /* Project object */;
			proxyType = 1;
			remoteGlobalIDString = 2680387A254D4503005FFB51;
			remoteInfo = NavigationStack;
		};
		2680388E254D4503005FFB51 /* PBXContainerItemProxy */ = {
			isa = PBXContainerItemProxy;
			containerPortal = 26803854254D4275005FFB51 /* Project object */;
			proxyType = 1;
			remoteGlobalIDString = 2680387A254D4503005FFB51;
			remoteInfo = NavigationStack;
		};
		268038A4254D4563005FFB51 /* PBXContainerItemProxy */ = {
			isa = PBXContainerItemProxy;
			containerPortal = 26803854254D4275005FFB51 /* Project object */;
			proxyType = 1;
			remoteGlobalIDString = 2680385B254D4275005FFB51;
			remoteInfo = NavigationStackExample;
		};
/* End PBXContainerItemProxy section */

/* Begin PBXCopyFilesBuildPhase section */
		26803895254D4503005FFB51 /* Embed Frameworks */ = {
			isa = PBXCopyFilesBuildPhase;
			buildActionMask = 2147483647;
			dstPath = "";
			dstSubfolderSpec = 10;
			files = (
				26803891254D4503005FFB51 /* NavigationStack.framework in Embed Frameworks */,
			);
			name = "Embed Frameworks";
			runOnlyForDeploymentPostprocessing = 0;
		};
/* End PBXCopyFilesBuildPhase section */

/* Begin PBXFileReference section */
		15FEB35912AAD71834C8AD29 /* Pods-NavigationStack.debug.xcconfig */ = {isa = PBXFileReference; includeInIndex = 1; lastKnownFileType = text.xcconfig; name = "Pods-NavigationStack.debug.xcconfig"; path = "Target Support Files/Pods-NavigationStack/Pods-NavigationStack.debug.xcconfig"; sourceTree = "<group>"; };
		2680385C254D4275005FFB51 /* NavigationStackExample.app */ = {isa = PBXFileReference; explicitFileType = wrapper.application; includeInIndex = 0; path = NavigationStackExample.app; sourceTree = BUILT_PRODUCTS_DIR; };
		2680385F254D4275005FFB51 /* AppDelegate.swift */ = {isa = PBXFileReference; lastKnownFileType = sourcecode.swift; path = AppDelegate.swift; sourceTree = "<group>"; };
		26803861254D4275005FFB51 /* SceneDelegate.swift */ = {isa = PBXFileReference; lastKnownFileType = sourcecode.swift; path = SceneDelegate.swift; sourceTree = "<group>"; };
		26803865254D4278005FFB51 /* Assets.xcassets */ = {isa = PBXFileReference; lastKnownFileType = folder.assetcatalog; path = Assets.xcassets; sourceTree = "<group>"; };
		26803868254D4278005FFB51 /* Preview Assets.xcassets */ = {isa = PBXFileReference; lastKnownFileType = folder.assetcatalog; path = "Preview Assets.xcassets"; sourceTree = "<group>"; };
		2680386B254D4278005FFB51 /* Base */ = {isa = PBXFileReference; lastKnownFileType = file.storyboard; name = Base; path = Base.lproj/LaunchScreen.storyboard; sourceTree = "<group>"; };
		2680386D254D4278005FFB51 /* Info.plist */ = {isa = PBXFileReference; lastKnownFileType = text.plist.xml; path = Info.plist; sourceTree = "<group>"; };
		2680387B254D4503005FFB51 /* NavigationStack.framework */ = {isa = PBXFileReference; explicitFileType = wrapper.framework; includeInIndex = 0; path = NavigationStack.framework; sourceTree = BUILT_PRODUCTS_DIR; };
		2680387D254D4503005FFB51 /* NavigationStack.h */ = {isa = PBXFileReference; lastKnownFileType = sourcecode.c.h; path = NavigationStack.h; sourceTree = "<group>"; };
		2680387E254D4503005FFB51 /* Info.plist */ = {isa = PBXFileReference; lastKnownFileType = text.plist.xml; path = Info.plist; sourceTree = "<group>"; };
		26803883254D4503005FFB51 /* NavigationStackTests.xctest */ = {isa = PBXFileReference; explicitFileType = wrapper.cfbundle; includeInIndex = 0; path = NavigationStackTests.xctest; sourceTree = BUILT_PRODUCTS_DIR; };
		2680388A254D4503005FFB51 /* NavigationStackTests.swift */ = {isa = PBXFileReference; lastKnownFileType = sourcecode.swift; path = NavigationStackTests.swift; sourceTree = "<group>"; };
		2680388C254D4503005FFB51 /* Info.plist */ = {isa = PBXFileReference; lastKnownFileType = text.plist.xml; path = Info.plist; sourceTree = "<group>"; };
		2680389F254D4563005FFB51 /* NavigationStackExampleUITests.xctest */ = {isa = PBXFileReference; explicitFileType = wrapper.cfbundle; includeInIndex = 0; path = NavigationStackExampleUITests.xctest; sourceTree = BUILT_PRODUCTS_DIR; };
		268038A3254D4563005FFB51 /* Info.plist */ = {isa = PBXFileReference; lastKnownFileType = text.plist.xml; path = Info.plist; sourceTree = "<group>"; };
		2680393E254E10DE005FFB51 /* NavigationAnimation.swift */ = {isa = PBXFileReference; fileEncoding = 4; lastKnownFileType = sourcecode.swift; path = NavigationAnimation.swift; sourceTree = "<group>"; };
		2680393F254E10DE005FFB51 /* NavigationStackNode.swift */ = {isa = PBXFileReference; fileEncoding = 4; lastKnownFileType = sourcecode.swift; path = NavigationStackNode.swift; sourceTree = "<group>"; };
		26803940254E10DE005FFB51 /* Types.swift */ = {isa = PBXFileReference; fileEncoding = 4; lastKnownFileType = sourcecode.swift; path = Types.swift; sourceTree = "<group>"; };
		26803941254E10DE005FFB51 /* NavigationStackView.swift */ = {isa = PBXFileReference; fileEncoding = 4; lastKnownFileType = sourcecode.swift; path = NavigationStackView.swift; sourceTree = "<group>"; };
		26803943254E10DE005FFB51 /* Static.swift */ = {isa = PBXFileReference; fileEncoding = 4; lastKnownFileType = sourcecode.swift; path = Static.swift; sourceTree = "<group>"; };
		26803944254E10DE005FFB51 /* Iris.swift */ = {isa = PBXFileReference; fileEncoding = 4; lastKnownFileType = sourcecode.swift; path = Iris.swift; sourceTree = "<group>"; };
		26803945254E10DE005FFB51 /* Contrast.swift */ = {isa = PBXFileReference; fileEncoding = 4; lastKnownFileType = sourcecode.swift; path = Contrast.swift; sourceTree = "<group>"; };
		26803946254E10DE005FFB51 /* NavigationModel.swift */ = {isa = PBXFileReference; fileEncoding = 4; lastKnownFileType = sourcecode.swift; path = NavigationModel.swift; sourceTree = "<group>"; };
		26803947254E10DE005FFB51 /* NavigationModelConvenienceMethods.swift */ = {isa = PBXFileReference; fileEncoding = 4; lastKnownFileType = sourcecode.swift; path = NavigationModelConvenienceMethods.swift; sourceTree = "<group>"; };
		2680398A254E1354005FFB51 /* NavigationAnimations.swift */ = {isa = PBXFileReference; lastKnownFileType = sourcecode.swift; path = NavigationAnimations.swift; sourceTree = "<group>"; };
		2680399D254E16C4005FFB51 /* ContentView1.swift */ = {isa = PBXFileReference; fileEncoding = 4; lastKnownFileType = sourcecode.swift; path = ContentView1.swift; sourceTree = "<group>"; };
		2680399E254E16C4005FFB51 /* ContentView3.swift */ = {isa = PBXFileReference; fileEncoding = 4; lastKnownFileType = sourcecode.swift; path = ContentView3.swift; sourceTree = "<group>"; };
		2680399F254E16C4005FFB51 /* SubviewExamples.swift */ = {isa = PBXFileReference; fileEncoding = 4; lastKnownFileType = sourcecode.swift; path = SubviewExamples.swift; sourceTree = "<group>"; };
		268039A0254E16C4005FFB51 /* ContentView4.swift */ = {isa = PBXFileReference; fileEncoding = 4; lastKnownFileType = sourcecode.swift; path = ContentView4.swift; sourceTree = "<group>"; };
		268039A1254E16C4005FFB51 /* TransitionExamples.swift */ = {isa = PBXFileReference; fileEncoding = 4; lastKnownFileType = sourcecode.swift; path = TransitionExamples.swift; sourceTree = "<group>"; };
		268039A2254E16C4005FFB51 /* ContentView2.swift */ = {isa = PBXFileReference; fileEncoding = 4; lastKnownFileType = sourcecode.swift; path = ContentView2.swift; sourceTree = "<group>"; };
		268039A4254E16C4005FFB51 /* DismissTopContentButton.swift */ = {isa = PBXFileReference; fileEncoding = 4; lastKnownFileType = sourcecode.swift; path = DismissTopContentButton.swift; sourceTree = "<group>"; };
		268039A6254E16C4005FFB51 /* Experiment8.swift */ = {isa = PBXFileReference; fileEncoding = 4; lastKnownFileType = sourcecode.swift; path = Experiment8.swift; sourceTree = "<group>"; };
		268039A7254E16C4005FFB51 /* Experiment9.swift */ = {isa = PBXFileReference; fileEncoding = 4; lastKnownFileType = sourcecode.swift; path = Experiment9.swift; sourceTree = "<group>"; };
		268039A8254E16C4005FFB51 /* Experiment3.swift */ = {isa = PBXFileReference; fileEncoding = 4; lastKnownFileType = sourcecode.swift; path = Experiment3.swift; sourceTree = "<group>"; };
		268039A9254E16C4005FFB51 /* Experiment1.swift */ = {isa = PBXFileReference; fileEncoding = 4; lastKnownFileType = sourcecode.swift; path = Experiment1.swift; sourceTree = "<group>"; };
		268039AA254E16C4005FFB51 /* Experiment5.swift */ = {isa = PBXFileReference; fileEncoding = 4; lastKnownFileType = sourcecode.swift; path = Experiment5.swift; sourceTree = "<group>"; };
		268039AB254E16C4005FFB51 /* Experiment7.swift */ = {isa = PBXFileReference; fileEncoding = 4; lastKnownFileType = sourcecode.swift; path = Experiment7.swift; sourceTree = "<group>"; };
		268039AC254E16C4005FFB51 /* Experiment0.swift */ = {isa = PBXFileReference; fileEncoding = 4; lastKnownFileType = sourcecode.swift; path = Experiment0.swift; sourceTree = "<group>"; };
		268039AD254E16C4005FFB51 /* Experiment2.swift */ = {isa = PBXFileReference; fileEncoding = 4; lastKnownFileType = sourcecode.swift; path = Experiment2.swift; sourceTree = "<group>"; };
		268039AF254E16C4005FFB51 /* Commons.swift */ = {isa = PBXFileReference; fileEncoding = 4; lastKnownFileType = sourcecode.swift; path = Commons.swift; sourceTree = "<group>"; };
		268039B0254E16C4005FFB51 /* Experiment6.swift */ = {isa = PBXFileReference; fileEncoding = 4; lastKnownFileType = sourcecode.swift; path = Experiment6.swift; sourceTree = "<group>"; };
		268039B1254E16C4005FFB51 /* Experiment4.swift */ = {isa = PBXFileReference; fileEncoding = 4; lastKnownFileType = sourcecode.swift; path = Experiment4.swift; sourceTree = "<group>"; };
		268039CC254E17B8005FFB51 /* ExperimentTests.swift */ = {isa = PBXFileReference; fileEncoding = 4; lastKnownFileType = sourcecode.swift; path = ExperimentTests.swift; sourceTree = "<group>"; };
		268039CD254E17B8005FFB51 /* SubviewExampleTests.swift */ = {isa = PBXFileReference; fileEncoding = 4; lastKnownFileType = sourcecode.swift; path = SubviewExampleTests.swift; sourceTree = "<group>"; };
		428938A0AA561D3C1E8DDA17 /* Pods_NavigationStack.framework */ = {isa = PBXFileReference; explicitFileType = wrapper.framework; includeInIndex = 0; path = Pods_NavigationStack.framework; sourceTree = BUILT_PRODUCTS_DIR; };
		76E7F27EF3D92D75A15CC08D /* Pods-NavigationStackExample.release.xcconfig */ = {isa = PBXFileReference; includeInIndex = 1; lastKnownFileType = text.xcconfig; name = "Pods-NavigationStackExample.release.xcconfig"; path = "Target Support Files/Pods-NavigationStackExample/Pods-NavigationStackExample.release.xcconfig"; sourceTree = "<group>"; };
		771420FE8C3240E2892674B1 /* Pods_NavigationStackExample.framework */ = {isa = PBXFileReference; explicitFileType = wrapper.framework; includeInIndex = 0; path = Pods_NavigationStackExample.framework; sourceTree = BUILT_PRODUCTS_DIR; };
		B087A28FFFD0AFC62F157F04 /* Pods-NavigationStack.release.xcconfig */ = {isa = PBXFileReference; includeInIndex = 1; lastKnownFileType = text.xcconfig; name = "Pods-NavigationStack.release.xcconfig"; path = "Target Support Files/Pods-NavigationStack/Pods-NavigationStack.release.xcconfig"; sourceTree = "<group>"; };
		C11291D6265F9E8BEC7E3099 /* Pods-NavigationStackExample.debug.xcconfig */ = {isa = PBXFileReference; includeInIndex = 1; lastKnownFileType = text.xcconfig; name = "Pods-NavigationStackExample.debug.xcconfig"; path = "Target Support Files/Pods-NavigationStackExample/Pods-NavigationStackExample.debug.xcconfig"; sourceTree = "<group>"; };
/* End PBXFileReference section */

/* Begin PBXFrameworksBuildPhase section */
		26803859254D4275005FFB51 /* Frameworks */ = {
			isa = PBXFrameworksBuildPhase;
			buildActionMask = 2147483647;
			files = (
				26803890254D4503005FFB51 /* NavigationStack.framework in Frameworks */,
				6364FD39926129A955D231DB /* Pods_NavigationStackExample.framework in Frameworks */,
			);
			runOnlyForDeploymentPostprocessing = 0;
		};
		26803878254D4503005FFB51 /* Frameworks */ = {
			isa = PBXFrameworksBuildPhase;
			buildActionMask = 2147483647;
			files = (
				1ADA47D86BBE42A3C1279A65 /* Pods_NavigationStack.framework in Frameworks */,
			);
			runOnlyForDeploymentPostprocessing = 0;
		};
		26803880254D4503005FFB51 /* Frameworks */ = {
			isa = PBXFrameworksBuildPhase;
			buildActionMask = 2147483647;
			files = (
				26803884254D4503005FFB51 /* NavigationStack.framework in Frameworks */,
			);
			runOnlyForDeploymentPostprocessing = 0;
		};
		2680389C254D4563005FFB51 /* Frameworks */ = {
			isa = PBXFrameworksBuildPhase;
			buildActionMask = 2147483647;
			files = (
			);
			runOnlyForDeploymentPostprocessing = 0;
		};
/* End PBXFrameworksBuildPhase section */

/* Begin PBXGroup section */
		140B1D24C2F2552D1857BDE4 /* Pods */ = {
			isa = PBXGroup;
			children = (
				15FEB35912AAD71834C8AD29 /* Pods-NavigationStack.debug.xcconfig */,
				B087A28FFFD0AFC62F157F04 /* Pods-NavigationStack.release.xcconfig */,
				C11291D6265F9E8BEC7E3099 /* Pods-NavigationStackExample.debug.xcconfig */,
				76E7F27EF3D92D75A15CC08D /* Pods-NavigationStackExample.release.xcconfig */,
			);
			path = Pods;
			sourceTree = "<group>";
		};
		26803853254D4275005FFB51 = {
			isa = PBXGroup;
			children = (
				2680385E254D4275005FFB51 /* NavigationStackExample */,
				268038A0254D4563005FFB51 /* NavigationStackExampleUITests */,
				2680387C254D4503005FFB51 /* NavigationStack */,
				26803889254D4503005FFB51 /* NavigationStackTests */,
				2680385D254D4275005FFB51 /* Products */,
				140B1D24C2F2552D1857BDE4 /* Pods */,
				EA605A71F6E1D467CAA32DF0 /* Frameworks */,
			);
			sourceTree = "<group>";
		};
		2680385D254D4275005FFB51 /* Products */ = {
			isa = PBXGroup;
			children = (
				2680385C254D4275005FFB51 /* NavigationStackExample.app */,
				2680387B254D4503005FFB51 /* NavigationStack.framework */,
				26803883254D4503005FFB51 /* NavigationStackTests.xctest */,
				2680389F254D4563005FFB51 /* NavigationStackExampleUITests.xctest */,
			);
			name = Products;
			sourceTree = "<group>";
		};
		2680385E254D4275005FFB51 /* NavigationStackExample */ = {
			isa = PBXGroup;
			children = (
				2680385F254D4275005FFB51 /* AppDelegate.swift */,
				26803861254D4275005FFB51 /* SceneDelegate.swift */,
				2680399C254E16C4005FFB51 /* ExampleViews */,
				268039A5254E16C4005FFB51 /* Experiments */,
				26803875254D4491005FFB51 /* Resources */,
				26803867254D4278005FFB51 /* Preview Content */,
			);
			path = NavigationStackExample;
			sourceTree = "<group>";
		};
		26803867254D4278005FFB51 /* Preview Content */ = {
			isa = PBXGroup;
			children = (
				26803868254D4278005FFB51 /* Preview Assets.xcassets */,
			);
			path = "Preview Content";
			sourceTree = "<group>";
		};
		26803875254D4491005FFB51 /* Resources */ = {
			isa = PBXGroup;
			children = (
				26803865254D4278005FFB51 /* Assets.xcassets */,
				2680386A254D4278005FFB51 /* LaunchScreen.storyboard */,
				2680386D254D4278005FFB51 /* Info.plist */,
			);
			path = Resources;
			sourceTree = "<group>";
		};
		2680387C254D4503005FFB51 /* NavigationStack */ = {
			isa = PBXGroup;
			children = (
				26803975254E119F005FFB51 /* Core */,
				26803942254E10DE005FFB51 /* Transitions */,
				2680387D254D4503005FFB51 /* NavigationStack.h */,
				2680387E254D4503005FFB51 /* Info.plist */,
			);
			path = NavigationStack;
			sourceTree = "<group>";
		};
		26803889254D4503005FFB51 /* NavigationStackTests */ = {
			isa = PBXGroup;
			children = (
				2680388A254D4503005FFB51 /* NavigationStackTests.swift */,
				2680388C254D4503005FFB51 /* Info.plist */,
			);
			path = NavigationStackTests;
			sourceTree = "<group>";
		};
		268038A0254D4563005FFB51 /* NavigationStackExampleUITests */ = {
			isa = PBXGroup;
			children = (
				268038A3254D4563005FFB51 /* Info.plist */,
				268039CC254E17B8005FFB51 /* ExperimentTests.swift */,
				268039CD254E17B8005FFB51 /* SubviewExampleTests.swift */,
			);
			path = NavigationStackExampleUITests;
			sourceTree = "<group>";
		};
		26803942254E10DE005FFB51 /* Transitions */ = {
			isa = PBXGroup;
			children = (
				26803945254E10DE005FFB51 /* Contrast.swift */,
				26803944254E10DE005FFB51 /* Iris.swift */,
				26803943254E10DE005FFB51 /* Static.swift */,
			);
			path = Transitions;
			sourceTree = "<group>";
		};
		26803975254E119F005FFB51 /* Core */ = {
			isa = PBXGroup;
			children = (
				2680393E254E10DE005FFB51 /* NavigationAnimation.swift */,
				2680398A254E1354005FFB51 /* NavigationAnimations.swift */,
				26803946254E10DE005FFB51 /* NavigationModel.swift */,
				26803947254E10DE005FFB51 /* NavigationModelConvenienceMethods.swift */,
				2680393F254E10DE005FFB51 /* NavigationStackNode.swift */,
				26803941254E10DE005FFB51 /* NavigationStackView.swift */,
				26803940254E10DE005FFB51 /* Types.swift */,
			);
			path = Core;
			sourceTree = "<group>";
		};
		2680399C254E16C4005FFB51 /* ExampleViews */ = {
			isa = PBXGroup;
			children = (
				268039A3254E16C4005FFB51 /* Helper */,
				2680399D254E16C4005FFB51 /* ContentView1.swift */,
				268039A2254E16C4005FFB51 /* ContentView2.swift */,
				2680399E254E16C4005FFB51 /* ContentView3.swift */,
				268039A0254E16C4005FFB51 /* ContentView4.swift */,
				2680399F254E16C4005FFB51 /* SubviewExamples.swift */,
				268039A1254E16C4005FFB51 /* TransitionExamples.swift */,
			);
			path = ExampleViews;
			sourceTree = "<group>";
		};
		268039A3254E16C4005FFB51 /* Helper */ = {
			isa = PBXGroup;
			children = (
				268039A4254E16C4005FFB51 /* DismissTopContentButton.swift */,
			);
			path = Helper;
			sourceTree = "<group>";
		};
		268039A5254E16C4005FFB51 /* Experiments */ = {
			isa = PBXGroup;
			children = (
				268039AE254E16C4005FFB51 /* Helper */,
				268039AC254E16C4005FFB51 /* Experiment0.swift */,
				268039A9254E16C4005FFB51 /* Experiment1.swift */,
				268039AD254E16C4005FFB51 /* Experiment2.swift */,
				268039A8254E16C4005FFB51 /* Experiment3.swift */,
				268039B1254E16C4005FFB51 /* Experiment4.swift */,
				268039AA254E16C4005FFB51 /* Experiment5.swift */,
				268039B0254E16C4005FFB51 /* Experiment6.swift */,
				268039AB254E16C4005FFB51 /* Experiment7.swift */,
				268039A6254E16C4005FFB51 /* Experiment8.swift */,
				268039A7254E16C4005FFB51 /* Experiment9.swift */,
			);
			path = Experiments;
			sourceTree = "<group>";
		};
		268039AE254E16C4005FFB51 /* Helper */ = {
			isa = PBXGroup;
			children = (
				268039AF254E16C4005FFB51 /* Commons.swift */,
			);
			path = Helper;
			sourceTree = "<group>";
		};
		EA605A71F6E1D467CAA32DF0 /* Frameworks */ = {
			isa = PBXGroup;
			children = (
				428938A0AA561D3C1E8DDA17 /* Pods_NavigationStack.framework */,
				771420FE8C3240E2892674B1 /* Pods_NavigationStackExample.framework */,
			);
			name = Frameworks;
			sourceTree = "<group>";
		};
/* End PBXGroup section */

/* Begin PBXHeadersBuildPhase section */
		26803876254D4503005FFB51 /* Headers */ = {
			isa = PBXHeadersBuildPhase;
			buildActionMask = 2147483647;
			files = (
				2680388D254D4503005FFB51 /* NavigationStack.h in Headers */,
			);
			runOnlyForDeploymentPostprocessing = 0;
		};
/* End PBXHeadersBuildPhase section */

/* Begin PBXNativeTarget section */
		2680385B254D4275005FFB51 /* NavigationStackExample */ = {
			isa = PBXNativeTarget;
			buildConfigurationList = 26803870254D4278005FFB51 /* Build configuration list for PBXNativeTarget "NavigationStackExample" */;
			buildPhases = (
				6C77AD80C335F2AFD38AEFA9 /* [CP] Check Pods Manifest.lock */,
				268038D5254D4C7C005FFB51 /* Install GitHooks */,
				268038D7254D4CC1005FFB51 /* SwiftLint */,
				26803858254D4275005FFB51 /* Sources */,
				26803859254D4275005FFB51 /* Frameworks */,
				2680385A254D4275005FFB51 /* Resources */,
				26803895254D4503005FFB51 /* Embed Frameworks */,
			);
			buildRules = (
			);
			dependencies = (
				2680388F254D4503005FFB51 /* PBXTargetDependency */,
			);
			name = NavigationStackExample;
			productName = NavigationStackExample;
			productReference = 2680385C254D4275005FFB51 /* NavigationStackExample.app */;
			productType = "com.apple.product-type.application";
		};
		2680387A254D4503005FFB51 /* NavigationStack */ = {
			isa = PBXNativeTarget;
			buildConfigurationList = 26803892254D4503005FFB51 /* Build configuration list for PBXNativeTarget "NavigationStack" */;
			buildPhases = (
				8B4B9AEFE5B0BCEE1E16A76E /* [CP] Check Pods Manifest.lock */,
				268038D6254D4C88005FFB51 /* Install GitHooks */,
				268038D8254D4CF0005FFB51 /* SwiftLint */,
				26803876254D4503005FFB51 /* Headers */,
				26803877254D4503005FFB51 /* Sources */,
				26803878254D4503005FFB51 /* Frameworks */,
				26803879254D4503005FFB51 /* Resources */,
			);
			buildRules = (
			);
			dependencies = (
			);
			name = NavigationStack;
			productName = NavigationStack;
			productReference = 2680387B254D4503005FFB51 /* NavigationStack.framework */;
			productType = "com.apple.product-type.framework";
		};
		26803882254D4503005FFB51 /* NavigationStackTests */ = {
			isa = PBXNativeTarget;
			buildConfigurationList = 26803896254D4503005FFB51 /* Build configuration list for PBXNativeTarget "NavigationStackTests" */;
			buildPhases = (
				2680387F254D4503005FFB51 /* Sources */,
				26803880254D4503005FFB51 /* Frameworks */,
				26803881254D4503005FFB51 /* Resources */,
			);
			buildRules = (
			);
			dependencies = (
				26803886254D4503005FFB51 /* PBXTargetDependency */,
			);
			name = NavigationStackTests;
			productName = NavigationStackTests;
			productReference = 26803883254D4503005FFB51 /* NavigationStackTests.xctest */;
			productType = "com.apple.product-type.bundle.unit-test";
		};
		2680389E254D4563005FFB51 /* NavigationStackExampleUITests */ = {
			isa = PBXNativeTarget;
			buildConfigurationList = 268038A6254D4563005FFB51 /* Build configuration list for PBXNativeTarget "NavigationStackExampleUITests" */;
			buildPhases = (
				2680389B254D4563005FFB51 /* Sources */,
				2680389C254D4563005FFB51 /* Frameworks */,
				2680389D254D4563005FFB51 /* Resources */,
			);
			buildRules = (
			);
			dependencies = (
				268038A5254D4563005FFB51 /* PBXTargetDependency */,
			);
			name = NavigationStackExampleUITests;
			productName = NavigationStackExampleUITests;
			productReference = 2680389F254D4563005FFB51 /* NavigationStackExampleUITests.xctest */;
			productType = "com.apple.product-type.bundle.ui-testing";
		};
/* End PBXNativeTarget section */

/* Begin PBXProject section */
		26803854254D4275005FFB51 /* Project object */ = {
			isa = PBXProject;
			attributes = {
				LastSwiftUpdateCheck = 1210;
				LastUpgradeCheck = 1210;
				TargetAttributes = {
					2680385B254D4275005FFB51 = {
						CreatedOnToolsVersion = 12.1;
					};
					2680387A254D4503005FFB51 = {
						CreatedOnToolsVersion = 12.1;
						LastSwiftMigration = 1210;
					};
					26803882254D4503005FFB51 = {
						CreatedOnToolsVersion = 12.1;
					};
					2680389E254D4563005FFB51 = {
						CreatedOnToolsVersion = 12.1;
						LastSwiftMigration = 1210;
						TestTargetID = 2680385B254D4275005FFB51;
					};
					268038AF254D4578005FFB51 = {
						CreatedOnToolsVersion = 12.1;
					};
				};
			};
			buildConfigurationList = 26803857254D4275005FFB51 /* Build configuration list for PBXProject "NavigationStack" */;
			compatibilityVersion = "Xcode 9.3";
			developmentRegion = en;
			hasScannedForEncodings = 0;
			knownRegions = (
				en,
				Base,
			);
			mainGroup = 26803853254D4275005FFB51;
			productRefGroup = 2680385D254D4275005FFB51 /* Products */;
			projectDirPath = "";
			projectRoot = "";
			targets = (
				2680385B254D4275005FFB51 /* NavigationStackExample */,
				2680389E254D4563005FFB51 /* NavigationStackExampleUITests */,
				2680387A254D4503005FFB51 /* NavigationStack */,
				26803882254D4503005FFB51 /* NavigationStackTests */,
				268038AF254D4578005FFB51 /* SwiftFormat */,
			);
		};
/* End PBXProject section */

/* Begin PBXResourcesBuildPhase section */
		2680385A254D4275005FFB51 /* Resources */ = {
			isa = PBXResourcesBuildPhase;
			buildActionMask = 2147483647;
			files = (
				2680386C254D4278005FFB51 /* LaunchScreen.storyboard in Resources */,
				26803869254D4278005FFB51 /* Preview Assets.xcassets in Resources */,
				26803866254D4278005FFB51 /* Assets.xcassets in Resources */,
			);
			runOnlyForDeploymentPostprocessing = 0;
		};
		26803879254D4503005FFB51 /* Resources */ = {
			isa = PBXResourcesBuildPhase;
			buildActionMask = 2147483647;
			files = (
			);
			runOnlyForDeploymentPostprocessing = 0;
		};
		26803881254D4503005FFB51 /* Resources */ = {
			isa = PBXResourcesBuildPhase;
			buildActionMask = 2147483647;
			files = (
			);
			runOnlyForDeploymentPostprocessing = 0;
		};
		2680389D254D4563005FFB51 /* Resources */ = {
			isa = PBXResourcesBuildPhase;
			buildActionMask = 2147483647;
			files = (
			);
			runOnlyForDeploymentPostprocessing = 0;
		};
/* End PBXResourcesBuildPhase section */

/* Begin PBXShellScriptBuildPhase section */
		26133F5D2557EEAE0099D3E6 /* Extract Swift Version Number */ = {
			isa = PBXShellScriptBuildPhase;
			buildActionMask = 2147483647;
			files = (
			);
			inputFileListPaths = (
			);
			inputPaths = (
			);
			name = "Extract Swift Version Number";
			outputFileListPaths = (
			);
			outputPaths = (
			);
			runOnlyForDeploymentPostprocessing = 0;
			shellPath = /bin/sh;
			shellScript = "cd Tools\n./extractSwiftVersion.sh\ncd ..\n";
		};
		268038D5254D4C7C005FFB51 /* Install GitHooks */ = {
			isa = PBXShellScriptBuildPhase;
			buildActionMask = 2147483647;
			files = (
			);
			inputFileListPaths = (
			);
			inputPaths = (
			);
			name = "Install GitHooks";
			outputFileListPaths = (
			);
			outputPaths = (
			);
			runOnlyForDeploymentPostprocessing = 0;
			shellPath = /bin/sh;
			shellScript = "cd Tools\n./copyGitHooks.sh\ncd ..\n";
		};
		268038D6254D4C88005FFB51 /* Install GitHooks */ = {
			isa = PBXShellScriptBuildPhase;
			buildActionMask = 2147483647;
			files = (
			);
			inputFileListPaths = (
			);
			inputPaths = (
			);
			name = "Install GitHooks";
			outputFileListPaths = (
			);
			outputPaths = (
			);
			runOnlyForDeploymentPostprocessing = 0;
			shellPath = /bin/sh;
			shellScript = "cd Tools\n./copyGitHooks.sh\ncd ..\n";
		};
		268038D7254D4CC1005FFB51 /* SwiftLint */ = {
			isa = PBXShellScriptBuildPhase;
			buildActionMask = 2147483647;
			files = (
			);
			inputFileListPaths = (
			);
			inputPaths = (
			);
			name = SwiftLint;
			outputFileListPaths = (
			);
			outputPaths = (
			);
			runOnlyForDeploymentPostprocessing = 0;
			shellPath = /bin/sh;
			shellScript = "\"${PODS_ROOT}/SwiftLint/swiftlint\" lint --path \"NavigationStackExample\" --config \"../.swiftlint.yml\"\n";
		};
		268038D8254D4CF0005FFB51 /* SwiftLint */ = {
			isa = PBXShellScriptBuildPhase;
			buildActionMask = 2147483647;
			files = (
			);
			inputFileListPaths = (
			);
			inputPaths = (
			);
			name = SwiftLint;
			outputFileListPaths = (
			);
			outputPaths = (
			);
			runOnlyForDeploymentPostprocessing = 0;
			shellPath = /bin/sh;
			shellScript = "\"${PODS_ROOT}/SwiftLint/swiftlint\" lint --path \"NavigationStack\" --config \"../.swiftlint.yml\"\n";
		};
		268038D9254D4D24005FFB51 /* SwiftFormat */ = {
			isa = PBXShellScriptBuildPhase;
			buildActionMask = 2147483647;
			files = (
			);
			inputFileListPaths = (
			);
			inputPaths = (
			);
			name = SwiftFormat;
			outputFileListPaths = (
			);
			outputPaths = (
			);
			runOnlyForDeploymentPostprocessing = 0;
			shellPath = /bin/sh;
			shellScript = ". Tools/swiftFormatCodePaths.sh\n\"Pods/SwiftFormat/CommandLineTool/swiftformat\" ${swiftFormatCodePaths[*]}\n";
		};
		6C77AD80C335F2AFD38AEFA9 /* [CP] Check Pods Manifest.lock */ = {
			isa = PBXShellScriptBuildPhase;
			buildActionMask = 2147483647;
			files = (
			);
			inputFileListPaths = (
			);
			inputPaths = (
				"${PODS_PODFILE_DIR_PATH}/Podfile.lock",
				"${PODS_ROOT}/Manifest.lock",
			);
			name = "[CP] Check Pods Manifest.lock";
			outputFileListPaths = (
			);
			outputPaths = (
				"$(DERIVED_FILE_DIR)/Pods-NavigationStackExample-checkManifestLockResult.txt",
			);
			runOnlyForDeploymentPostprocessing = 0;
			shellPath = /bin/sh;
			shellScript = "diff \"${PODS_PODFILE_DIR_PATH}/Podfile.lock\" \"${PODS_ROOT}/Manifest.lock\" > /dev/null\nif [ $? != 0 ] ; then\n    # print error to STDERR\n    echo \"error: The sandbox is not in sync with the Podfile.lock. Run 'pod install' or update your CocoaPods installation.\" >&2\n    exit 1\nfi\n# This output is used by Xcode 'outputs' to avoid re-running this script phase.\necho \"SUCCESS\" > \"${SCRIPT_OUTPUT_FILE_0}\"\n";
			showEnvVarsInLog = 0;
		};
		8B4B9AEFE5B0BCEE1E16A76E /* [CP] Check Pods Manifest.lock */ = {
			isa = PBXShellScriptBuildPhase;
			buildActionMask = 2147483647;
			files = (
			);
			inputFileListPaths = (
			);
			inputPaths = (
				"${PODS_PODFILE_DIR_PATH}/Podfile.lock",
				"${PODS_ROOT}/Manifest.lock",
			);
			name = "[CP] Check Pods Manifest.lock";
			outputFileListPaths = (
			);
			outputPaths = (
				"$(DERIVED_FILE_DIR)/Pods-NavigationStack-checkManifestLockResult.txt",
			);
			runOnlyForDeploymentPostprocessing = 0;
			shellPath = /bin/sh;
			shellScript = "diff \"${PODS_PODFILE_DIR_PATH}/Podfile.lock\" \"${PODS_ROOT}/Manifest.lock\" > /dev/null\nif [ $? != 0 ] ; then\n    # print error to STDERR\n    echo \"error: The sandbox is not in sync with the Podfile.lock. Run 'pod install' or update your CocoaPods installation.\" >&2\n    exit 1\nfi\n# This output is used by Xcode 'outputs' to avoid re-running this script phase.\necho \"SUCCESS\" > \"${SCRIPT_OUTPUT_FILE_0}\"\n";
			showEnvVarsInLog = 0;
		};
/* End PBXShellScriptBuildPhase section */

/* Begin PBXSourcesBuildPhase section */
		26803858254D4275005FFB51 /* Sources */ = {
			isa = PBXSourcesBuildPhase;
			buildActionMask = 2147483647;
			files = (
				268039B8254E16C4005FFB51 /* DismissTopContentButton.swift in Sources */,
				268039B2254E16C4005FFB51 /* ContentView1.swift in Sources */,
				268039B6254E16C4005FFB51 /* TransitionExamples.swift in Sources */,
				268039C0254E16C4005FFB51 /* Experiment2.swift in Sources */,
				268039C1254E16C4005FFB51 /* Commons.swift in Sources */,
				268039C3254E16C4005FFB51 /* Experiment4.swift in Sources */,
				268039B4254E16C4005FFB51 /* SubviewExamples.swift in Sources */,
				268039BA254E16C4005FFB51 /* Experiment9.swift in Sources */,
				268039BE254E16C4005FFB51 /* Experiment7.swift in Sources */,
				26803860254D4275005FFB51 /* AppDelegate.swift in Sources */,
				268039BC254E16C4005FFB51 /* Experiment1.swift in Sources */,
				268039B9254E16C4005FFB51 /* Experiment8.swift in Sources */,
				268039B5254E16C4005FFB51 /* ContentView4.swift in Sources */,
				268039BB254E16C4005FFB51 /* Experiment3.swift in Sources */,
				268039B7254E16C4005FFB51 /* ContentView2.swift in Sources */,
				268039B3254E16C4005FFB51 /* ContentView3.swift in Sources */,
				268039BF254E16C4005FFB51 /* Experiment0.swift in Sources */,
				268039BD254E16C4005FFB51 /* Experiment5.swift in Sources */,
				268039C2254E16C4005FFB51 /* Experiment6.swift in Sources */,
				26803862254D4275005FFB51 /* SceneDelegate.swift in Sources */,
			);
			runOnlyForDeploymentPostprocessing = 0;
		};
		26803877254D4503005FFB51 /* Sources */ = {
			isa = PBXSourcesBuildPhase;
			buildActionMask = 2147483647;
			files = (
				26803948254E10DE005FFB51 /* NavigationAnimation.swift in Sources */,
				2680394B254E10DE005FFB51 /* NavigationStackView.swift in Sources */,
				2680394D254E10DE005FFB51 /* Iris.swift in Sources */,
				2680394A254E10DE005FFB51 /* Types.swift in Sources */,
				2680398B254E1354005FFB51 /* NavigationAnimations.swift in Sources */,
				26803950254E10DE005FFB51 /* NavigationModelConvenienceMethods.swift in Sources */,
				26803949254E10DE005FFB51 /* NavigationStackNode.swift in Sources */,
				2680394C254E10DE005FFB51 /* Static.swift in Sources */,
				2680394E254E10DE005FFB51 /* Contrast.swift in Sources */,
				2680394F254E10DE005FFB51 /* NavigationModel.swift in Sources */,
			);
			runOnlyForDeploymentPostprocessing = 0;
		};
		2680387F254D4503005FFB51 /* Sources */ = {
			isa = PBXSourcesBuildPhase;
			buildActionMask = 2147483647;
			files = (
				2680388B254D4503005FFB51 /* NavigationStackTests.swift in Sources */,
			);
			runOnlyForDeploymentPostprocessing = 0;
		};
		2680389B254D4563005FFB51 /* Sources */ = {
			isa = PBXSourcesBuildPhase;
			buildActionMask = 2147483647;
			files = (
				268039CF254E17B8005FFB51 /* SubviewExampleTests.swift in Sources */,
				268039CE254E17B8005FFB51 /* ExperimentTests.swift in Sources */,
			);
			runOnlyForDeploymentPostprocessing = 0;
		};
/* End PBXSourcesBuildPhase section */

/* Begin PBXTargetDependency section */
		26803886254D4503005FFB51 /* PBXTargetDependency */ = {
			isa = PBXTargetDependency;
			target = 2680387A254D4503005FFB51 /* NavigationStack */;
			targetProxy = 26803885254D4503005FFB51 /* PBXContainerItemProxy */;
		};
		2680388F254D4503005FFB51 /* PBXTargetDependency */ = {
			isa = PBXTargetDependency;
			target = 2680387A254D4503005FFB51 /* NavigationStack */;
			targetProxy = 2680388E254D4503005FFB51 /* PBXContainerItemProxy */;
		};
		268038A5254D4563005FFB51 /* PBXTargetDependency */ = {
			isa = PBXTargetDependency;
			target = 2680385B254D4275005FFB51 /* NavigationStackExample */;
			targetProxy = 268038A4254D4563005FFB51 /* PBXContainerItemProxy */;
		};
/* End PBXTargetDependency section */

/* Begin PBXVariantGroup section */
		2680386A254D4278005FFB51 /* LaunchScreen.storyboard */ = {
			isa = PBXVariantGroup;
			children = (
				2680386B254D4278005FFB51 /* Base */,
			);
			name = LaunchScreen.storyboard;
			sourceTree = "<group>";
		};
/* End PBXVariantGroup section */

/* Begin XCBuildConfiguration section */
		2680386E254D4278005FFB51 /* Debug */ = {
			isa = XCBuildConfiguration;
			buildSettings = {
				ALWAYS_SEARCH_USER_PATHS = NO;
				CLANG_ANALYZER_NONNULL = YES;
				CLANG_ANALYZER_NUMBER_OBJECT_CONVERSION = YES_AGGRESSIVE;
				CLANG_CXX_LANGUAGE_STANDARD = "gnu++14";
				CLANG_CXX_LIBRARY = "libc++";
				CLANG_ENABLE_MODULES = YES;
				CLANG_ENABLE_OBJC_ARC = YES;
				CLANG_ENABLE_OBJC_WEAK = YES;
				CLANG_WARN_BLOCK_CAPTURE_AUTORELEASING = YES;
				CLANG_WARN_BOOL_CONVERSION = YES;
				CLANG_WARN_COMMA = YES;
				CLANG_WARN_CONSTANT_CONVERSION = YES;
				CLANG_WARN_DEPRECATED_OBJC_IMPLEMENTATIONS = YES;
				CLANG_WARN_DIRECT_OBJC_ISA_USAGE = YES_ERROR;
				CLANG_WARN_DOCUMENTATION_COMMENTS = YES;
				CLANG_WARN_EMPTY_BODY = YES;
				CLANG_WARN_ENUM_CONVERSION = YES;
				CLANG_WARN_INFINITE_RECURSION = YES;
				CLANG_WARN_INT_CONVERSION = YES;
				CLANG_WARN_NON_LITERAL_NULL_CONVERSION = YES;
				CLANG_WARN_OBJC_IMPLICIT_RETAIN_SELF = YES;
				CLANG_WARN_OBJC_LITERAL_CONVERSION = YES;
				CLANG_WARN_OBJC_ROOT_CLASS = YES_ERROR;
				CLANG_WARN_QUOTED_INCLUDE_IN_FRAMEWORK_HEADER = YES;
				CLANG_WARN_RANGE_LOOP_ANALYSIS = YES;
				CLANG_WARN_STRICT_PROTOTYPES = YES;
				CLANG_WARN_SUSPICIOUS_MOVE = YES;
				CLANG_WARN_UNGUARDED_AVAILABILITY = YES_AGGRESSIVE;
				CLANG_WARN_UNREACHABLE_CODE = YES;
				CLANG_WARN__DUPLICATE_METHOD_MATCH = YES;
				COPY_PHASE_STRIP = NO;
				DEBUG_INFORMATION_FORMAT = dwarf;
				ENABLE_STRICT_OBJC_MSGSEND = YES;
				ENABLE_TESTABILITY = YES;
				GCC_C_LANGUAGE_STANDARD = gnu11;
				GCC_DYNAMIC_NO_PIC = NO;
				GCC_NO_COMMON_BLOCKS = YES;
				GCC_OPTIMIZATION_LEVEL = 0;
				GCC_PREPROCESSOR_DEFINITIONS = (
					"DEBUG=1",
					"$(inherited)",
				);
				GCC_WARN_64_TO_32_BIT_CONVERSION = YES;
				GCC_WARN_ABOUT_RETURN_TYPE = YES_ERROR;
				GCC_WARN_UNDECLARED_SELECTOR = YES;
				GCC_WARN_UNINITIALIZED_AUTOS = YES_AGGRESSIVE;
				GCC_WARN_UNUSED_FUNCTION = YES;
				GCC_WARN_UNUSED_VARIABLE = YES;
				IPHONEOS_DEPLOYMENT_TARGET = 13.0;
				MTL_ENABLE_DEBUG_INFO = INCLUDE_SOURCE;
				MTL_FAST_MATH = YES;
				ONLY_ACTIVE_ARCH = YES;
				SDKROOT = iphoneos;
				SWIFT_ACTIVE_COMPILATION_CONDITIONS = DEBUG;
				SWIFT_OPTIMIZATION_LEVEL = "-Onone";
			};
			name = Debug;
		};
		2680386F254D4278005FFB51 /* Release */ = {
			isa = XCBuildConfiguration;
			buildSettings = {
				ALWAYS_SEARCH_USER_PATHS = NO;
				CLANG_ANALYZER_NONNULL = YES;
				CLANG_ANALYZER_NUMBER_OBJECT_CONVERSION = YES_AGGRESSIVE;
				CLANG_CXX_LANGUAGE_STANDARD = "gnu++14";
				CLANG_CXX_LIBRARY = "libc++";
				CLANG_ENABLE_MODULES = YES;
				CLANG_ENABLE_OBJC_ARC = YES;
				CLANG_ENABLE_OBJC_WEAK = YES;
				CLANG_WARN_BLOCK_CAPTURE_AUTORELEASING = YES;
				CLANG_WARN_BOOL_CONVERSION = YES;
				CLANG_WARN_COMMA = YES;
				CLANG_WARN_CONSTANT_CONVERSION = YES;
				CLANG_WARN_DEPRECATED_OBJC_IMPLEMENTATIONS = YES;
				CLANG_WARN_DIRECT_OBJC_ISA_USAGE = YES_ERROR;
				CLANG_WARN_DOCUMENTATION_COMMENTS = YES;
				CLANG_WARN_EMPTY_BODY = YES;
				CLANG_WARN_ENUM_CONVERSION = YES;
				CLANG_WARN_INFINITE_RECURSION = YES;
				CLANG_WARN_INT_CONVERSION = YES;
				CLANG_WARN_NON_LITERAL_NULL_CONVERSION = YES;
				CLANG_WARN_OBJC_IMPLICIT_RETAIN_SELF = YES;
				CLANG_WARN_OBJC_LITERAL_CONVERSION = YES;
				CLANG_WARN_OBJC_ROOT_CLASS = YES_ERROR;
				CLANG_WARN_QUOTED_INCLUDE_IN_FRAMEWORK_HEADER = YES;
				CLANG_WARN_RANGE_LOOP_ANALYSIS = YES;
				CLANG_WARN_STRICT_PROTOTYPES = YES;
				CLANG_WARN_SUSPICIOUS_MOVE = YES;
				CLANG_WARN_UNGUARDED_AVAILABILITY = YES_AGGRESSIVE;
				CLANG_WARN_UNREACHABLE_CODE = YES;
				CLANG_WARN__DUPLICATE_METHOD_MATCH = YES;
				COPY_PHASE_STRIP = NO;
				DEBUG_INFORMATION_FORMAT = "dwarf-with-dsym";
				ENABLE_NS_ASSERTIONS = NO;
				ENABLE_STRICT_OBJC_MSGSEND = YES;
				GCC_C_LANGUAGE_STANDARD = gnu11;
				GCC_NO_COMMON_BLOCKS = YES;
				GCC_WARN_64_TO_32_BIT_CONVERSION = YES;
				GCC_WARN_ABOUT_RETURN_TYPE = YES_ERROR;
				GCC_WARN_UNDECLARED_SELECTOR = YES;
				GCC_WARN_UNINITIALIZED_AUTOS = YES_AGGRESSIVE;
				GCC_WARN_UNUSED_FUNCTION = YES;
				GCC_WARN_UNUSED_VARIABLE = YES;
				IPHONEOS_DEPLOYMENT_TARGET = 13.0;
				MTL_ENABLE_DEBUG_INFO = NO;
				MTL_FAST_MATH = YES;
				SDKROOT = iphoneos;
				SWIFT_COMPILATION_MODE = wholemodule;
				SWIFT_OPTIMIZATION_LEVEL = "-O";
				VALIDATE_PRODUCT = YES;
			};
			name = Release;
		};
		26803871254D4278005FFB51 /* Debug */ = {
			isa = XCBuildConfiguration;
			baseConfigurationReference = C11291D6265F9E8BEC7E3099 /* Pods-NavigationStackExample.debug.xcconfig */;
			buildSettings = {
				ALWAYS_EMBED_SWIFT_STANDARD_LIBRARIES = YES;
				ASSETCATALOG_COMPILER_APPICON_NAME = AppIcon;
				ASSETCATALOG_COMPILER_GLOBAL_ACCENT_COLOR_NAME = AccentColor;
				CODE_SIGN_IDENTITY = "Apple Development";
				CODE_SIGN_STYLE = Automatic;
				DEVELOPMENT_ASSET_PATHS = "\"NavigationStackExample/Preview Content\"";
				DEVELOPMENT_TEAM = H6T8HJZGHY;
				ENABLE_PREVIEWS = YES;
				INFOPLIST_FILE = NavigationStackExample/Resources/Info.plist;
				LD_RUNPATH_SEARCH_PATHS = (
					"$(inherited)",
					"@executable_path/Frameworks",
				);
				PRODUCT_BUNDLE_IDENTIFIER = "com.indie-software.NavigationStackExample";
				PRODUCT_NAME = "$(TARGET_NAME)";
				PROVISIONING_PROFILE_SPECIFIER = "";
				SWIFT_VERSION = 5.0;
				TARGETED_DEVICE_FAMILY = "1,2";
			};
			name = Debug;
		};
		26803872254D4278005FFB51 /* Release */ = {
			isa = XCBuildConfiguration;
			baseConfigurationReference = 76E7F27EF3D92D75A15CC08D /* Pods-NavigationStackExample.release.xcconfig */;
			buildSettings = {
				ALWAYS_EMBED_SWIFT_STANDARD_LIBRARIES = YES;
				ASSETCATALOG_COMPILER_APPICON_NAME = AppIcon;
				ASSETCATALOG_COMPILER_GLOBAL_ACCENT_COLOR_NAME = AccentColor;
				CODE_SIGN_IDENTITY = "Apple Development";
				CODE_SIGN_STYLE = Automatic;
				DEVELOPMENT_ASSET_PATHS = "\"NavigationStackExample/Preview Content\"";
				DEVELOPMENT_TEAM = H6T8HJZGHY;
				ENABLE_PREVIEWS = YES;
				INFOPLIST_FILE = NavigationStackExample/Resources/Info.plist;
				LD_RUNPATH_SEARCH_PATHS = (
					"$(inherited)",
					"@executable_path/Frameworks",
				);
				PRODUCT_BUNDLE_IDENTIFIER = "com.indie-software.NavigationStackExample";
				PRODUCT_NAME = "$(TARGET_NAME)";
				PROVISIONING_PROFILE_SPECIFIER = "";
				SWIFT_VERSION = 5.0;
				TARGETED_DEVICE_FAMILY = "1,2";
			};
			name = Release;
		};
		26803893254D4503005FFB51 /* Debug */ = {
			isa = XCBuildConfiguration;
			baseConfigurationReference = 15FEB35912AAD71834C8AD29 /* Pods-NavigationStack.debug.xcconfig */;
			buildSettings = {
				APPLICATION_EXTENSION_API_ONLY = YES;
				CLANG_ENABLE_MODULES = YES;
				CODE_SIGN_IDENTITY = "Apple Development";
				CODE_SIGN_STYLE = Automatic;
				CURRENT_PROJECT_VERSION = 1;
				DEFINES_MODULE = YES;
				DEVELOPMENT_TEAM = H6T8HJZGHY;
				DYLIB_COMPATIBILITY_VERSION = 1;
				DYLIB_CURRENT_VERSION = 1;
				DYLIB_INSTALL_NAME_BASE = "@rpath";
				INFOPLIST_FILE = NavigationStack/Info.plist;
				INSTALL_PATH = "$(LOCAL_LIBRARY_DIR)/Frameworks";
				LD_RUNPATH_SEARCH_PATHS = (
					"$(inherited)",
					"@executable_path/Frameworks",
					"@loader_path/Frameworks",
				);
				PRODUCT_BUNDLE_IDENTIFIER = "com.indie-software.NavigationStack";
				PRODUCT_NAME = "$(TARGET_NAME:c99extidentifier)";
				PROVISIONING_PROFILE_SPECIFIER = "";
				SKIP_INSTALL = YES;
				SUPPORTS_MACCATALYST = YES;
				SWIFT_OPTIMIZATION_LEVEL = "-Onone";
				SWIFT_VERSION = 5.0;
				TARGETED_DEVICE_FAMILY = "1,2";
				VERSIONING_SYSTEM = "apple-generic";
				VERSION_INFO_PREFIX = "";
			};
			name = Debug;
		};
		26803894254D4503005FFB51 /* Release */ = {
			isa = XCBuildConfiguration;
			baseConfigurationReference = B087A28FFFD0AFC62F157F04 /* Pods-NavigationStack.release.xcconfig */;
			buildSettings = {
				APPLICATION_EXTENSION_API_ONLY = YES;
				CLANG_ENABLE_MODULES = YES;
				CODE_SIGN_IDENTITY = "Apple Development";
				CODE_SIGN_STYLE = Automatic;
				CURRENT_PROJECT_VERSION = 1;
				DEFINES_MODULE = YES;
				DEVELOPMENT_TEAM = H6T8HJZGHY;
				DYLIB_COMPATIBILITY_VERSION = 1;
				DYLIB_CURRENT_VERSION = 1;
				DYLIB_INSTALL_NAME_BASE = "@rpath";
				INFOPLIST_FILE = NavigationStack/Info.plist;
				INSTALL_PATH = "$(LOCAL_LIBRARY_DIR)/Frameworks";
				LD_RUNPATH_SEARCH_PATHS = (
					"$(inherited)",
					"@executable_path/Frameworks",
					"@loader_path/Frameworks",
				);
				PRODUCT_BUNDLE_IDENTIFIER = "com.indie-software.NavigationStack";
				PRODUCT_NAME = "$(TARGET_NAME:c99extidentifier)";
				PROVISIONING_PROFILE_SPECIFIER = "";
				SKIP_INSTALL = YES;
				SUPPORTS_MACCATALYST = YES;
				SWIFT_VERSION = 5.0;
				TARGETED_DEVICE_FAMILY = "1,2";
				VERSIONING_SYSTEM = "apple-generic";
				VERSION_INFO_PREFIX = "";
			};
			name = Release;
		};
		26803897254D4503005FFB51 /* Debug */ = {
			isa = XCBuildConfiguration;
			buildSettings = {
				ALWAYS_EMBED_SWIFT_STANDARD_LIBRARIES = YES;
				CODE_SIGN_STYLE = Automatic;
				DEVELOPMENT_TEAM = H6T8HJZGHY;
				INFOPLIST_FILE = NavigationStackTests/Info.plist;
				LD_RUNPATH_SEARCH_PATHS = (
					"$(inherited)",
					"@executable_path/Frameworks",
					"@loader_path/Frameworks",
				);
				PRODUCT_BUNDLE_IDENTIFIER = "com.indie-software.NavigationStackTests";
				PRODUCT_NAME = "$(TARGET_NAME)";
				SWIFT_VERSION = 5.0;
				TARGETED_DEVICE_FAMILY = "1,2";
			};
			name = Debug;
		};
		26803898254D4503005FFB51 /* Release */ = {
			isa = XCBuildConfiguration;
			buildSettings = {
				ALWAYS_EMBED_SWIFT_STANDARD_LIBRARIES = YES;
				CODE_SIGN_STYLE = Automatic;
				DEVELOPMENT_TEAM = H6T8HJZGHY;
				INFOPLIST_FILE = NavigationStackTests/Info.plist;
				LD_RUNPATH_SEARCH_PATHS = (
					"$(inherited)",
					"@executable_path/Frameworks",
					"@loader_path/Frameworks",
				);
				PRODUCT_BUNDLE_IDENTIFIER = "com.indie-software.NavigationStackTests";
				PRODUCT_NAME = "$(TARGET_NAME)";
				SWIFT_VERSION = 5.0;
				TARGETED_DEVICE_FAMILY = "1,2";
			};
			name = Release;
		};
		268038A7254D4563005FFB51 /* Debug */ = {
			isa = XCBuildConfiguration;
			buildSettings = {
				CLANG_ENABLE_MODULES = YES;
				CODE_SIGN_STYLE = Automatic;
				DEVELOPMENT_TEAM = H6T8HJZGHY;
				INFOPLIST_FILE = NavigationStackExampleUITests/Info.plist;
				LD_RUNPATH_SEARCH_PATHS = (
					"$(inherited)",
					"@executable_path/Frameworks",
					"@loader_path/Frameworks",
				);
				PRODUCT_BUNDLE_IDENTIFIER = "com.indie-software.NavigationStackExampleUITests";
				PRODUCT_NAME = "$(TARGET_NAME)";
				SWIFT_OPTIMIZATION_LEVEL = "-Onone";
				SWIFT_VERSION = 5.0;
				TARGETED_DEVICE_FAMILY = "1,2";
				TEST_TARGET_NAME = NavigationStackExample;
			};
			name = Debug;
		};
		268038A8254D4563005FFB51 /* Release */ = {
			isa = XCBuildConfiguration;
			buildSettings = {
				CLANG_ENABLE_MODULES = YES;
				CODE_SIGN_STYLE = Automatic;
				DEVELOPMENT_TEAM = H6T8HJZGHY;
				INFOPLIST_FILE = NavigationStackExampleUITests/Info.plist;
				LD_RUNPATH_SEARCH_PATHS = (
					"$(inherited)",
					"@executable_path/Frameworks",
					"@loader_path/Frameworks",
				);
				PRODUCT_BUNDLE_IDENTIFIER = "com.indie-software.NavigationStackExampleUITests";
				PRODUCT_NAME = "$(TARGET_NAME)";
				SWIFT_VERSION = 5.0;
				TARGETED_DEVICE_FAMILY = "1,2";
				TEST_TARGET_NAME = NavigationStackExample;
			};
			name = Release;
		};
		268038B1254D4578005FFB51 /* Debug */ = {
			isa = XCBuildConfiguration;
			buildSettings = {
				CODE_SIGN_STYLE = Automatic;
				DEVELOPMENT_TEAM = H6T8HJZGHY;
				PRODUCT_NAME = "$(TARGET_NAME)";
			};
			name = Debug;
		};
		268038B2254D4578005FFB51 /* Release */ = {
			isa = XCBuildConfiguration;
			buildSettings = {
				CODE_SIGN_STYLE = Automatic;
				DEVELOPMENT_TEAM = H6T8HJZGHY;
				PRODUCT_NAME = "$(TARGET_NAME)";
			};
			name = Release;
		};
/* End XCBuildConfiguration section */

/* Begin XCConfigurationList section */
		26803857254D4275005FFB51 /* Build configuration list for PBXProject "NavigationStack" */ = {
			isa = XCConfigurationList;
			buildConfigurations = (
				2680386E254D4278005FFB51 /* Debug */,
				2680386F254D4278005FFB51 /* Release */,
			);
			defaultConfigurationIsVisible = 0;
			defaultConfigurationName = Release;
		};
		26803870254D4278005FFB51 /* Build configuration list for PBXNativeTarget "NavigationStackExample" */ = {
			isa = XCConfigurationList;
			buildConfigurations = (
				26803871254D4278005FFB51 /* Debug */,
				26803872254D4278005FFB51 /* Release */,
			);
			defaultConfigurationIsVisible = 0;
			defaultConfigurationName = Release;
		};
		26803892254D4503005FFB51 /* Build configuration list for PBXNativeTarget "NavigationStack" */ = {
			isa = XCConfigurationList;
			buildConfigurations = (
				26803893254D4503005FFB51 /* Debug */,
				26803894254D4503005FFB51 /* Release */,
			);
			defaultConfigurationIsVisible = 0;
			defaultConfigurationName = Release;
		};
		26803896254D4503005FFB51 /* Build configuration list for PBXNativeTarget "NavigationStackTests" */ = {
			isa = XCConfigurationList;
			buildConfigurations = (
				26803897254D4503005FFB51 /* Debug */,
				26803898254D4503005FFB51 /* Release */,
			);
			defaultConfigurationIsVisible = 0;
			defaultConfigurationName = Release;
		};
		268038A6254D4563005FFB51 /* Build configuration list for PBXNativeTarget "NavigationStackExampleUITests" */ = {
			isa = XCConfigurationList;
			buildConfigurations = (
				268038A7254D4563005FFB51 /* Debug */,
				268038A8254D4563005FFB51 /* Release */,
			);
			defaultConfigurationIsVisible = 0;
			defaultConfigurationName = Release;
		};
		268038B0254D4578005FFB51 /* Build configuration list for PBXAggregateTarget "SwiftFormat" */ = {
			isa = XCConfigurationList;
			buildConfigurations = (
				268038B1254D4578005FFB51 /* Debug */,
				268038B2254D4578005FFB51 /* Release */,
			);
			defaultConfigurationIsVisible = 0;
			defaultConfigurationName = Release;
		};
/* End XCConfigurationList section */
	};
	rootObject = 26803854254D4275005FFB51 /* Project object */;
}
