PODS:
  - SwiftFormat/CLI (0.47.4)
  - SwiftLint (0.41.0)

DEPENDENCIES:
  - SwiftFormat/CLI
  - SwiftLint

SPEC REPOS:
  https://github.com/CocoaPods/Specs.git:
    - SwiftFormat
    - SwiftLint

SPEC CHECKSUMS:
  SwiftFormat: 43c9302b7dbca1cda59acfc2ac63ac86e281fb14
  SwiftLint: c585ebd615d9520d7fbdbe151f527977b0534f1e

PODFILE CHECKSUM: ddaccfd6ff5caed4ec952cb62f9f4e4ac404d15d

COCOAPODS: 1.10.0
